
Microsoft Visual Studio Solution File, Format Version 12.00
# Visual Studio Version 16
VisualStudioVersion = 16.0.31105.61
MinimumVisualStudioVersion = 10.0.40219.1
Project("{9A19103F-16F7-4668-BE54-9A1E7A4F7556}") = "01.DefineClassPerson", "01.DefineClassPerson\01.DefineClassPerson.csproj", "{18898B7A-0555-4065-9AC6-C4C751B462AD}"
EndProject
Project("{9A19103F-16F7-4668-BE54-9A1E7A4F7556}") = "02.CreatingConstructors", "02.CreatingConstructors\02.CreatingConstructors.csproj", "{63B712CE-9646-4BD2-B01E-E0E6535A44C3}"
EndProject
Project("{9A19103F-16F7-4668-BE54-9A1E7A4F7556}") = "03.OldestFamilyMember", "03.OldestFamilyMember\03.OldestFamilyMember.csproj", "{136D9A85-CB9D-44DB-A5AD-A0C29539616F}"
EndProject
Project("{9A19103F-16F7-4668-BE54-9A1E7A4F7556}") = "04.OpinionPoll", "04.OpinionPoll\04.OpinionPoll.csproj", "{2B04A3FF-537F-4370-A0B2-202C67824921}"
EndProject
Project("{9A19103F-16F7-4668-BE54-9A1E7A4F7556}") = "05.DataModifier", "05.DataModifier\05.DataModifier.csproj", "{0D743C1A-2F11-421D-8AB1-020AA5D64DC6}"
EndProject
Project("{9A19103F-16F7-4668-BE54-9A1E7A4F7556}") = "06.SpeedRacing", "06.SpeedRacing\06.SpeedRacing.csproj", "{C3596BE1-2E3E-4816-8A65-FE5168511E6D}"
EndProject
Project("{9A19103F-16F7-4668-BE54-9A1E7A4F7556}") = "07.RawData", "07.RawData\07.RawData.csproj", "{3857CE24-A44D-42A6-AE05-6E989EE52EE6}"
EndProject
Project("{9A19103F-16F7-4668-BE54-9A1E7A4F7556}") = "08.CarSalesman", "08.CarSalesman\08.CarSalesman.csproj", "{FB8FBC5B-2535-4A43-88B7-B5C97091FEB9}"
EndProject
Project("{9A19103F-16F7-4668-BE54-9A1E7A4F7556}") = "09.PokemonTrainer", "09.PokemonTrainer\09.PokemonTrainer.csproj", "{6D3DFFD7-8F50-4DC1-8E87-1CAE7186AB8E}"
EndProject
Project("{9A19103F-16F7-4668-BE54-9A1E7A4F7556}") = "06.01.CompanyRoster", "06.01.CompanyRoster\06.01.CompanyRoster.csproj", "{69B5841D-D292-4481-96D5-4A6FF59A96C5}"
EndProject
Project("{9A19103F-16F7-4668-BE54-9A1E7A4F7556}") = "09.01.RectangleIntersection", "09.01.RectangleIntersection\09.01.RectangleIntersection.csproj", "{7DEB5152-7364-4FB2-8342-DD61F09A41A2}"
EndProject
Project("{9A19103F-16F7-4668-BE54-9A1E7A4F7556}") = "10.SoftUniParking", "10.SoftUniParking\10.SoftUniParking.csproj", "{DE29B9F6-D00F-45D6-87EB-D54310475FE3}"
EndProject
Project("{9A19103F-16F7-4668-BE54-9A1E7A4F7556}") = "11.Google", "11.Google\11.Google.csproj", "{2E401DA1-91C6-4B43-826B-5FC8CAE434CE}"
EndProject
Project("{FAE04EC0-301F-11D3-BF4B-00C04F79EFBC}") = "13.FamilyTree", "13.FamilyTree\13.FamilyTree.csproj", "{0D674C84-4BB5-4242-B956-97ABC52DCAB3}"
EndProject
Global
	GlobalSection(SolutionConfigurationPlatforms) = preSolution
		Debug|Any CPU = Debug|Any CPU
		Release|Any CPU = Release|Any CPU
	EndGlobalSection
	GlobalSection(ProjectConfigurationPlatforms) = postSolution
		{18898B7A-0555-4065-9AC6-C4C751B462AD}.Debug|Any CPU.ActiveCfg = Debug|Any CPU
		{18898B7A-0555-4065-9AC6-C4C751B462AD}.Debug|Any CPU.Build.0 = Debug|Any CPU
		{18898B7A-0555-4065-9AC6-C4C751B462AD}.Release|Any CPU.ActiveCfg = Release|Any CPU
		{18898B7A-0555-4065-9AC6-C4C751B462AD}.Release|Any CPU.Build.0 = Release|Any CPU
		{63B712CE-9646-4BD2-B01E-E0E6535A44C3}.Debug|Any CPU.ActiveCfg = Debug|Any CPU
		{63B712CE-9646-4BD2-B01E-E0E6535A44C3}.Debug|Any CPU.Build.0 = Debug|Any CPU
		{63B712CE-9646-4BD2-B01E-E0E6535A44C3}.Release|Any CPU.ActiveCfg = Release|Any CPU
		{63B712CE-9646-4BD2-B01E-E0E6535A44C3}.Release|Any CPU.Build.0 = Release|Any CPU
		{136D9A85-CB9D-44DB-A5AD-A0C29539616F}.Debug|Any CPU.ActiveCfg = Debug|Any CPU
		{136D9A85-CB9D-44DB-A5AD-A0C29539616F}.Debug|Any CPU.Build.0 = Debug|Any CPU
		{136D9A85-CB9D-44DB-A5AD-A0C29539616F}.Release|Any CPU.ActiveCfg = Release|Any CPU
		{136D9A85-CB9D-44DB-A5AD-A0C29539616F}.Release|Any CPU.Build.0 = Release|Any CPU
		{2B04A3FF-537F-4370-A0B2-202C67824921}.Debug|Any CPU.ActiveCfg = Debug|Any CPU
		{2B04A3FF-537F-4370-A0B2-202C67824921}.Debug|Any CPU.Build.0 = Debug|Any CPU
		{2B04A3FF-537F-4370-A0B2-202C67824921}.Release|Any CPU.ActiveCfg = Release|Any CPU
		{2B04A3FF-537F-4370-A0B2-202C67824921}.Release|Any CPU.Build.0 = Release|Any CPU
		{0D743C1A-2F11-421D-8AB1-020AA5D64DC6}.Debug|Any CPU.ActiveCfg = Debug|Any CPU
		{0D743C1A-2F11-421D-8AB1-020AA5D64DC6}.Debug|Any CPU.Build.0 = Debug|Any CPU
		{0D743C1A-2F11-421D-8AB1-020AA5D64DC6}.Release|Any CPU.ActiveCfg = Release|Any CPU
		{0D743C1A-2F11-421D-8AB1-020AA5D64DC6}.Release|Any CPU.Build.0 = Release|Any CPU
		{C3596BE1-2E3E-4816-8A65-FE5168511E6D}.Debug|Any CPU.ActiveCfg = Debug|Any CPU
		{C3596BE1-2E3E-4816-8A65-FE5168511E6D}.Debug|Any CPU.Build.0 = Debug|Any CPU
		{C3596BE1-2E3E-4816-8A65-FE5168511E6D}.Release|Any CPU.ActiveCfg = Release|Any CPU
		{C3596BE1-2E3E-4816-8A65-FE5168511E6D}.Release|Any CPU.Build.0 = Release|Any CPU
		{3857CE24-A44D-42A6-AE05-6E989EE52EE6}.Debug|Any CPU.ActiveCfg = Debug|Any CPU
		{3857CE24-A44D-42A6-AE05-6E989EE52EE6}.Debug|Any CPU.Build.0 = Debug|Any CPU
		{3857CE24-A44D-42A6-AE05-6E989EE52EE6}.Release|Any CPU.ActiveCfg = Release|Any CPU
		{3857CE24-A44D-42A6-AE05-6E989EE52EE6}.Release|Any CPU.Build.0 = Release|Any CPU
		{FB8FBC5B-2535-4A43-88B7-B5C97091FEB9}.Debug|Any CPU.ActiveCfg = Debug|Any CPU
		{FB8FBC5B-2535-4A43-88B7-B5C97091FEB9}.Debug|Any CPU.Build.0 = Debug|Any CPU
		{FB8FBC5B-2535-4A43-88B7-B5C97091FEB9}.Release|Any CPU.ActiveCfg = Release|Any CPU
		{FB8FBC5B-2535-4A43-88B7-B5C97091FEB9}.Release|Any CPU.Build.0 = Release|Any CPU
		{6D3DFFD7-8F50-4DC1-8E87-1CAE7186AB8E}.Debug|Any CPU.ActiveCfg = Debug|Any CPU
		{6D3DFFD7-8F50-4DC1-8E87-1CAE7186AB8E}.Debug|Any CPU.Build.0 = Debug|Any CPU
		{6D3DFFD7-8F50-4DC1-8E87-1CAE7186AB8E}.Release|Any CPU.ActiveCfg = Release|Any CPU
		{6D3DFFD7-8F50-4DC1-8E87-1CAE7186AB8E}.Release|Any CPU.Build.0 = Release|Any CPU
		{69B5841D-D292-4481-96D5-4A6FF59A96C5}.Debug|Any CPU.ActiveCfg = Debug|Any CPU
		{69B5841D-D292-4481-96D5-4A6FF59A96C5}.Debug|Any CPU.Build.0 = Debug|Any CPU
		{69B5841D-D292-4481-96D5-4A6FF59A96C5}.Release|Any CPU.ActiveCfg = Release|Any CPU
		{69B5841D-D292-4481-96D5-4A6FF59A96C5}.Release|Any CPU.Build.0 = Release|Any CPU
		{7DEB5152-7364-4FB2-8342-DD61F09A41A2}.Debug|Any CPU.ActiveCfg = Debug|Any CPU
		{7DEB5152-7364-4FB2-8342-DD61F09A41A2}.Debug|Any CPU.Build.0 = Debug|Any CPU
		{7DEB5152-7364-4FB2-8342-DD61F09A41A2}.Release|Any CPU.ActiveCfg = Release|Any CPU
		{7DEB5152-7364-4FB2-8342-DD61F09A41A2}.Release|Any CPU.Build.0 = Release|Any CPU
		{DE29B9F6-D00F-45D6-87EB-D54310475FE3}.Debug|Any CPU.ActiveCfg = Debug|Any CPU
		{DE29B9F6-D00F-45D6-87EB-D54310475FE3}.Debug|Any CPU.Build.0 = Debug|Any CPU
		{DE29B9F6-D00F-45D6-87EB-D54310475FE3}.Release|Any CPU.ActiveCfg = Release|Any CPU
		{DE29B9F6-D00F-45D6-87EB-D54310475FE3}.Release|Any CPU.Build.0 = Release|Any CPU
		{2E401DA1-91C6-4B43-826B-5FC8CAE434CE}.Debug|Any CPU.ActiveCfg = Debug|Any CPU
		{2E401DA1-91C6-4B43-826B-5FC8CAE434CE}.Debug|Any CPU.Build.0 = Debug|Any CPU
		{2E401DA1-91C6-4B43-826B-5FC8CAE434CE}.Release|Any CPU.ActiveCfg = Release|Any CPU
		{2E401DA1-91C6-4B43-826B-5FC8CAE434CE}.Release|Any CPU.Build.0 = Release|Any CPU
		{0D674C84-4BB5-4242-B956-97ABC52DCAB3}.Debug|Any CPU.ActiveCfg = Debug|Any CPU
		{0D674C84-4BB5-4242-B956-97ABC52DCAB3}.Debug|Any CPU.Build.0 = Debug|Any CPU
		{0D674C84-4BB5-4242-B956-97ABC52DCAB3}.Release|Any CPU.ActiveCfg = Release|Any CPU
		{0D674C84-4BB5-4242-B956-97ABC52DCAB3}.Release|Any CPU.Build.0 = Release|Any CPU
	EndGlobalSection
	GlobalSection(SolutionProperties) = preSolution
		HideSolutionNode = FALSE
	EndGlobalSection
	GlobalSection(ExtensibilityGlobals) = postSolution
		SolutionGuid = {A551EE9D-21B6-463C-ACC1-6C4963D736EE}
	EndGlobalSection
EndGlobal
