
Microsoft Visual Studio Solution File, Format Version 12.00
# Visual Studio Version 16
VisualStudioVersion = 16.0.31105.61
MinimumVisualStudioVersion = 10.0.40219.1
Project("{9A19103F-16F7-4668-BE54-9A1E7A4F7556}") = "01.DefineClassPerson", "01.DefineClassPerson\01.DefineClassPerson.csproj", "{18898B7A-0555-4065-9AC6-C4C751B462AD}"
EndProject
Project("{FAE04EC0-301F-11D3-BF4B-00C04F79EFBC}") = "02.CreatingConstructors", "02.CreatingConstructors\02.CreatingConstructors.csproj", "{63B712CE-9646-4BD2-B01E-E0E6535A44C3}"
EndProject
Project("{FAE04EC0-301F-11D3-BF4B-00C04F79EFBC}") = "03.OldestFamilyMember", "03.OldestFamilyMember\03.OldestFamilyMember.csproj", "{136D9A85-CB9D-44DB-A5AD-A0C29539616F}"
EndProject
Global
	GlobalSection(SolutionConfigurationPlatforms) = preSolution
		Debug|Any CPU = Debug|Any CPU
		Release|Any CPU = Release|Any CPU
	EndGlobalSection
	GlobalSection(ProjectConfigurationPlatforms) = postSolution
		{18898B7A-0555-4065-9AC6-C4C751B462AD}.Debug|Any CPU.ActiveCfg = Debug|Any CPU
		{18898B7A-0555-4065-9AC6-C4C751B462AD}.Debug|Any CPU.Build.0 = Debug|Any CPU
		{18898B7A-0555-4065-9AC6-C4C751B462AD}.Release|Any CPU.ActiveCfg = Release|Any CPU
		{18898B7A-0555-4065-9AC6-C4C751B462AD}.Release|Any CPU.Build.0 = Release|Any CPU
		{63B712CE-9646-4BD2-B01E-E0E6535A44C3}.Debug|Any CPU.ActiveCfg = Debug|Any CPU
		{63B712CE-9646-4BD2-B01E-E0E6535A44C3}.Debug|Any CPU.Build.0 = Debug|Any CPU
		{63B712CE-9646-4BD2-B01E-E0E6535A44C3}.Release|Any CPU.ActiveCfg = Release|Any CPU
		{63B712CE-9646-4BD2-B01E-E0E6535A44C3}.Release|Any CPU.Build.0 = Release|Any CPU
		{136D9A85-CB9D-44DB-A5AD-A0C29539616F}.Debug|Any CPU.ActiveCfg = Debug|Any CPU
		{136D9A85-CB9D-44DB-A5AD-A0C29539616F}.Debug|Any CPU.Build.0 = Debug|Any CPU
		{136D9A85-CB9D-44DB-A5AD-A0C29539616F}.Release|Any CPU.ActiveCfg = Release|Any CPU
		{136D9A85-CB9D-44DB-A5AD-A0C29539616F}.Release|Any CPU.Build.0 = Release|Any CPU
	EndGlobalSection
	GlobalSection(SolutionProperties) = preSolution
		HideSolutionNode = FALSE
	EndGlobalSection
	GlobalSection(ExtensibilityGlobals) = postSolution
		SolutionGuid = {A551EE9D-21B6-463C-ACC1-6C4963D736EE}
	EndGlobalSection
EndGlobal
