
Microsoft Visual Studio Solution File, Format Version 12.00
# Visual Studio 15
VisualStudioVersion = 15.0.27004.2009
MinimumVisualStudioVersion = 10.0.40219.1
Project("{FAE04EC0-301F-11D3-BF4B-00C04F79EFBC}") = "01.Exam", "01.Exam\01.Exam.csproj", "{080CC0C3-2DD2-4323-A053-20D701513EC5}"
EndProject
Project("{FAE04EC0-301F-11D3-BF4B-00C04F79EFBC}") = "02.Exam", "02.Exam\02.Exam.csproj", "{F9D5C37A-600C-4903-B640-701A32992365}"
EndProject
Project("{FAE04EC0-301F-11D3-BF4B-00C04F79EFBC}") = "03.Exam", "03.Exam\03.Exam.csproj", "{5509C1FC-5B18-45C6-8E48-BD425195EE15}"
EndProject
Project("{FAE04EC0-301F-11D3-BF4B-00C04F79EFBC}") = "04.Exam", "04.Exam\04.Exam.csproj", "{CD13B16F-B8D8-44B5-8D84-633CA71A556C}"
EndProject
Project("{FAE04EC0-301F-11D3-BF4B-00C04F79EFBC}") = "05.Exam", "05.Exam\05.Exam.csproj", "{CB0FC6DC-2076-413B-A2B8-A7F18FCF81AB}"
EndProject
Project("{FAE04EC0-301F-11D3-BF4B-00C04F79EFBC}") = "06.Exam", "06.Exam\06.Exam.csproj", "{0057453A-7A9B-4E9F-82D7-9297266F94B7}"
EndProject
Global
	GlobalSection(SolutionConfigurationPlatforms) = preSolution
		Debug|Any CPU = Debug|Any CPU
		Release|Any CPU = Release|Any CPU
	EndGlobalSection
	GlobalSection(ProjectConfigurationPlatforms) = postSolution
		{080CC0C3-2DD2-4323-A053-20D701513EC5}.Debug|Any CPU.ActiveCfg = Debug|Any CPU
		{080CC0C3-2DD2-4323-A053-20D701513EC5}.Debug|Any CPU.Build.0 = Debug|Any CPU
		{080CC0C3-2DD2-4323-A053-20D701513EC5}.Release|Any CPU.ActiveCfg = Release|Any CPU
		{080CC0C3-2DD2-4323-A053-20D701513EC5}.Release|Any CPU.Build.0 = Release|Any CPU
		{F9D5C37A-600C-4903-B640-701A32992365}.Debug|Any CPU.ActiveCfg = Debug|Any CPU
		{F9D5C37A-600C-4903-B640-701A32992365}.Debug|Any CPU.Build.0 = Debug|Any CPU
		{F9D5C37A-600C-4903-B640-701A32992365}.Release|Any CPU.ActiveCfg = Release|Any CPU
		{F9D5C37A-600C-4903-B640-701A32992365}.Release|Any CPU.Build.0 = Release|Any CPU
		{5509C1FC-5B18-45C6-8E48-BD425195EE15}.Debug|Any CPU.ActiveCfg = Debug|Any CPU
		{5509C1FC-5B18-45C6-8E48-BD425195EE15}.Debug|Any CPU.Build.0 = Debug|Any CPU
		{5509C1FC-5B18-45C6-8E48-BD425195EE15}.Release|Any CPU.ActiveCfg = Release|Any CPU
		{5509C1FC-5B18-45C6-8E48-BD425195EE15}.Release|Any CPU.Build.0 = Release|Any CPU
		{CD13B16F-B8D8-44B5-8D84-633CA71A556C}.Debug|Any CPU.ActiveCfg = Debug|Any CPU
		{CD13B16F-B8D8-44B5-8D84-633CA71A556C}.Debug|Any CPU.Build.0 = Debug|Any CPU
		{CD13B16F-B8D8-44B5-8D84-633CA71A556C}.Release|Any CPU.ActiveCfg = Release|Any CPU
		{CD13B16F-B8D8-44B5-8D84-633CA71A556C}.Release|Any CPU.Build.0 = Release|Any CPU
		{CB0FC6DC-2076-413B-A2B8-A7F18FCF81AB}.Debug|Any CPU.ActiveCfg = Debug|Any CPU
		{CB0FC6DC-2076-413B-A2B8-A7F18FCF81AB}.Debug|Any CPU.Build.0 = Debug|Any CPU
		{CB0FC6DC-2076-413B-A2B8-A7F18FCF81AB}.Release|Any CPU.ActiveCfg = Release|Any CPU
		{CB0FC6DC-2076-413B-A2B8-A7F18FCF81AB}.Release|Any CPU.Build.0 = Release|Any CPU
		{0057453A-7A9B-4E9F-82D7-9297266F94B7}.Debug|Any CPU.ActiveCfg = Debug|Any CPU
		{0057453A-7A9B-4E9F-82D7-9297266F94B7}.Debug|Any CPU.Build.0 = Debug|Any CPU
		{0057453A-7A9B-4E9F-82D7-9297266F94B7}.Release|Any CPU.ActiveCfg = Release|Any CPU
		{0057453A-7A9B-4E9F-82D7-9297266F94B7}.Release|Any CPU.Build.0 = Release|Any CPU
	EndGlobalSection
	GlobalSection(SolutionProperties) = preSolution
		HideSolutionNode = FALSE
	EndGlobalSection
	GlobalSection(ExtensibilityGlobals) = postSolution
		SolutionGuid = {83CC6FE6-63DC-4044-B1D8-01B78A0FADB2}
	EndGlobalSection
EndGlobal
