
Microsoft Visual Studio Solution File, Format Version 12.00
# Visual Studio Version 16
VisualStudioVersion = 16.0.31105.61
MinimumVisualStudioVersion = 10.0.40219.1
Project("{9A19103F-16F7-4668-BE54-9A1E7A4F7556}") = "01.TilesMaster", "01.TilesMaster\01.TilesMaster.csproj", "{953385F9-E862-40D6-96C9-88AF0582F4A5}"
EndProject
Project("{9A19103F-16F7-4668-BE54-9A1E7A4F7556}") = "02.WallDestroyer", "02.WallDestroyer\02.WallDestroyer.csproj", "{DFA52C2D-00D7-428D-9727-C5BB07EB9A61}"
EndProject
Project("{FAE04EC0-301F-11D3-BF4B-00C04F79EFBC}") = "03.Renovators", "03.Renovators\03.Renovators.csproj", "{C3049807-703A-4C63-B3F3-52A2D48ADE6F}"
EndProject
Global
	GlobalSection(SolutionConfigurationPlatforms) = preSolution
		Debug|Any CPU = Debug|Any CPU
		Release|Any CPU = Release|Any CPU
	EndGlobalSection
	GlobalSection(ProjectConfigurationPlatforms) = postSolution
		{953385F9-E862-40D6-96C9-88AF0582F4A5}.Debug|Any CPU.ActiveCfg = Debug|Any CPU
		{953385F9-E862-40D6-96C9-88AF0582F4A5}.Debug|Any CPU.Build.0 = Debug|Any CPU
		{953385F9-E862-40D6-96C9-88AF0582F4A5}.Release|Any CPU.ActiveCfg = Release|Any CPU
		{953385F9-E862-40D6-96C9-88AF0582F4A5}.Release|Any CPU.Build.0 = Release|Any CPU
		{DFA52C2D-00D7-428D-9727-C5BB07EB9A61}.Debug|Any CPU.ActiveCfg = Debug|Any CPU
		{DFA52C2D-00D7-428D-9727-C5BB07EB9A61}.Debug|Any CPU.Build.0 = Debug|Any CPU
		{DFA52C2D-00D7-428D-9727-C5BB07EB9A61}.Release|Any CPU.ActiveCfg = Release|Any CPU
		{DFA52C2D-00D7-428D-9727-C5BB07EB9A61}.Release|Any CPU.Build.0 = Release|Any CPU
		{C3049807-703A-4C63-B3F3-52A2D48ADE6F}.Debug|Any CPU.ActiveCfg = Debug|Any CPU
		{C3049807-703A-4C63-B3F3-52A2D48ADE6F}.Debug|Any CPU.Build.0 = Debug|Any CPU
		{C3049807-703A-4C63-B3F3-52A2D48ADE6F}.Release|Any CPU.ActiveCfg = Release|Any CPU
		{C3049807-703A-4C63-B3F3-52A2D48ADE6F}.Release|Any CPU.Build.0 = Release|Any CPU
	EndGlobalSection
	GlobalSection(SolutionProperties) = preSolution
		HideSolutionNode = FALSE
	EndGlobalSection
	GlobalSection(ExtensibilityGlobals) = postSolution
		SolutionGuid = {D754ED51-D86B-4199-B381-CCFF2C4BA465}
	EndGlobalSection
EndGlobal
