
Microsoft Visual Studio Solution File, Format Version 12.00
# Visual Studio 15
VisualStudioVersion = 15.0.28307.902
MinimumVisualStudioVersion = 10.0.40219.1
Project("{FAE04EC0-301F-11D3-BF4B-00C04F79EFBC}") = "01.SortNumber", "01.SortNumber\01.SortNumber.csproj", "{E4E2D96A-FA3B-4892-B7B5-443E7A2AEAA2}"
EndProject
Project("{FAE04EC0-301F-11D3-BF4B-00C04F79EFBC}") = "02.EnglishNameOfTheLast", "02.EnglishNameOfTheLast\02.EnglishNameOfTheLast.csproj", "{EA881705-1A25-41EB-AF43-A813EE0AD342}"
EndProject
Project("{FAE04EC0-301F-11D3-BF4B-00C04F79EFBC}") = "03.GamingStore", "03.GamingStore\03.GamingStore.csproj", "{9B3980A0-CC51-4AB1-B7BA-EC5B83EA9756}"
EndProject
Project("{FAE04EC0-301F-11D3-BF4B-00C04F79EFBC}") = "04.ReverseString", "04.ReverseString\04.ReverseString.csproj", "{E72A235C-46DD-4B15-BAE0-5F7A7D00B227}"
EndProject
Project("{FAE04EC0-301F-11D3-BF4B-00C04F79EFBC}") = "05.Masseges", "05.Masseges\05.Masseges.csproj", "{1D61EA7F-E343-474E-85EC-D3AF18AAA3AE}"
EndProject
Global
	GlobalSection(SolutionConfigurationPlatforms) = preSolution
		Debug|Any CPU = Debug|Any CPU
		Release|Any CPU = Release|Any CPU
	EndGlobalSection
	GlobalSection(ProjectConfigurationPlatforms) = postSolution
		{E4E2D96A-FA3B-4892-B7B5-443E7A2AEAA2}.Debug|Any CPU.ActiveCfg = Debug|Any CPU
		{E4E2D96A-FA3B-4892-B7B5-443E7A2AEAA2}.Debug|Any CPU.Build.0 = Debug|Any CPU
		{E4E2D96A-FA3B-4892-B7B5-443E7A2AEAA2}.Release|Any CPU.ActiveCfg = Release|Any CPU
		{E4E2D96A-FA3B-4892-B7B5-443E7A2AEAA2}.Release|Any CPU.Build.0 = Release|Any CPU
		{EA881705-1A25-41EB-AF43-A813EE0AD342}.Debug|Any CPU.ActiveCfg = Debug|Any CPU
		{EA881705-1A25-41EB-AF43-A813EE0AD342}.Debug|Any CPU.Build.0 = Debug|Any CPU
		{EA881705-1A25-41EB-AF43-A813EE0AD342}.Release|Any CPU.ActiveCfg = Release|Any CPU
		{EA881705-1A25-41EB-AF43-A813EE0AD342}.Release|Any CPU.Build.0 = Release|Any CPU
		{9B3980A0-CC51-4AB1-B7BA-EC5B83EA9756}.Debug|Any CPU.ActiveCfg = Debug|Any CPU
		{9B3980A0-CC51-4AB1-B7BA-EC5B83EA9756}.Debug|Any CPU.Build.0 = Debug|Any CPU
		{9B3980A0-CC51-4AB1-B7BA-EC5B83EA9756}.Release|Any CPU.ActiveCfg = Release|Any CPU
		{9B3980A0-CC51-4AB1-B7BA-EC5B83EA9756}.Release|Any CPU.Build.0 = Release|Any CPU
		{E72A235C-46DD-4B15-BAE0-5F7A7D00B227}.Debug|Any CPU.ActiveCfg = Debug|Any CPU
		{E72A235C-46DD-4B15-BAE0-5F7A7D00B227}.Debug|Any CPU.Build.0 = Debug|Any CPU
		{E72A235C-46DD-4B15-BAE0-5F7A7D00B227}.Release|Any CPU.ActiveCfg = Release|Any CPU
		{E72A235C-46DD-4B15-BAE0-5F7A7D00B227}.Release|Any CPU.Build.0 = Release|Any CPU
		{1D61EA7F-E343-474E-85EC-D3AF18AAA3AE}.Debug|Any CPU.ActiveCfg = Debug|Any CPU
		{1D61EA7F-E343-474E-85EC-D3AF18AAA3AE}.Debug|Any CPU.Build.0 = Debug|Any CPU
		{1D61EA7F-E343-474E-85EC-D3AF18AAA3AE}.Release|Any CPU.ActiveCfg = Release|Any CPU
		{1D61EA7F-E343-474E-85EC-D3AF18AAA3AE}.Release|Any CPU.Build.0 = Release|Any CPU
	EndGlobalSection
	GlobalSection(SolutionProperties) = preSolution
		HideSolutionNode = FALSE
	EndGlobalSection
	GlobalSection(ExtensibilityGlobals) = postSolution
		SolutionGuid = {060F5FA5-B803-483E-BDCE-202DA3334C63}
	EndGlobalSection
EndGlobal
