
Microsoft Visual Studio Solution File, Format Version 12.00
# Visual Studio Version 16
VisualStudioVersion = 16.0.32802.440
MinimumVisualStudioVersion = 10.0.40219.1
Project("{9A19103F-16F7-4668-BE54-9A1E7A4F7556}") = "01.Shapes", "01.Shapes\01.Shapes.csproj", "{A5637A3C-5297-476B-905D-ACF6AF9A14C2}"
EndProject
Project("{FAE04EC0-301F-11D3-BF4B-00C04F79EFBC}") = "02.Cars", "02.Cars\02.Cars.csproj", "{3E1FC029-CB27-4408-BE16-F2AAD646DCFE}"
EndProject
Global
	GlobalSection(SolutionConfigurationPlatforms) = preSolution
		Debug|Any CPU = Debug|Any CPU
		Release|Any CPU = Release|Any CPU
	EndGlobalSection
	GlobalSection(ProjectConfigurationPlatforms) = postSolution
		{A5637A3C-5297-476B-905D-ACF6AF9A14C2}.Debug|Any CPU.ActiveCfg = Debug|Any CPU
		{A5637A3C-5297-476B-905D-ACF6AF9A14C2}.Debug|Any CPU.Build.0 = Debug|Any CPU
		{A5637A3C-5297-476B-905D-ACF6AF9A14C2}.Release|Any CPU.ActiveCfg = Release|Any CPU
		{A5637A3C-5297-476B-905D-ACF6AF9A14C2}.Release|Any CPU.Build.0 = Release|Any CPU
		{3E1FC029-CB27-4408-BE16-F2AAD646DCFE}.Debug|Any CPU.ActiveCfg = Debug|Any CPU
		{3E1FC029-CB27-4408-BE16-F2AAD646DCFE}.Debug|Any CPU.Build.0 = Debug|Any CPU
		{3E1FC029-CB27-4408-BE16-F2AAD646DCFE}.Release|Any CPU.ActiveCfg = Release|Any CPU
		{3E1FC029-CB27-4408-BE16-F2AAD646DCFE}.Release|Any CPU.Build.0 = Release|Any CPU
	EndGlobalSection
	GlobalSection(SolutionProperties) = preSolution
		HideSolutionNode = FALSE
	EndGlobalSection
	GlobalSection(ExtensibilityGlobals) = postSolution
		SolutionGuid = {D0CA4DAC-B7CC-426A-BC7D-4EE9C80A2323}
	EndGlobalSection
EndGlobal
