
Microsoft Visual Studio Solution File, Format Version 12.00
# Visual Studio 15
VisualStudioVersion = 15.0.28307.902
MinimumVisualStudioVersion = 10.0.40219.1
Project("{9A19103F-16F7-4668-BE54-9A1E7A4F7556}") = "01.Student_Information", "01.Student_Information\01.Student_Information.csproj", "{DA07EC49-D0BA-4B0B-ACDA-A6382B8B0BBB}"
EndProject
Project("{9A19103F-16F7-4668-BE54-9A1E7A4F7556}") = "02.Passed", "02.Passed\02.Passed.csproj", "{8919369B-6719-4209-9C0F-E71A55F3CFE4}"
EndProject
Project("{9A19103F-16F7-4668-BE54-9A1E7A4F7556}") = "03.PassedOrFailed", "03.PassedOrFailed\03.PassedOrFailed.csproj", "{3F95FEFC-4F7A-4840-96DB-FD53076A1BE2}"
EndProject
Project("{9A19103F-16F7-4668-BE54-9A1E7A4F7556}") = "04.BackIn30Minutes", "04.BackIn30Minutes\04.BackIn30Minutes.csproj", "{955EAF19-8696-46A8-AB50-8F8F0BDEAF73}"
EndProject
Project("{9A19103F-16F7-4668-BE54-9A1E7A4F7556}") = "05.MonthPrinter", "05.MonthPrinter\05.MonthPrinter.csproj", "{C7C62E33-D66D-4325-9617-AE58850E1749}"
EndProject
Project("{9A19103F-16F7-4668-BE54-9A1E7A4F7556}") = "06.ForeignLanguages", "06.ForeignLanguages\06.ForeignLanguages.csproj", "{560C83AA-8392-4A3E-91BF-54963A849B89}"
EndProject
Project("{9A19103F-16F7-4668-BE54-9A1E7A4F7556}") = "07.TheatrePromotion", "07.TheatrePromotion\07.TheatrePromotion.csproj", "{4240E629-197E-4833-A559-26D36D646A68}"
EndProject
Project("{9A19103F-16F7-4668-BE54-9A1E7A4F7556}") = "08.DivisibleBy3", "08.DivisibleBy3\08.DivisibleBy3.csproj", "{F99216DD-8BDC-444A-AA82-B4AF36A7FFFA}"
EndProject
Project("{9A19103F-16F7-4668-BE54-9A1E7A4F7556}") = "09.SumOfOddNumbers", "09.SumOfOddNumbers\09.SumOfOddNumbers.csproj", "{6ABD763E-92E8-41EA-BAA0-AC90C335F050}"
EndProject
Project("{9A19103F-16F7-4668-BE54-9A1E7A4F7556}") = "10.MultiplicationTable", "10.MultiplicationTable\10.MultiplicationTable.csproj", "{3003B9DF-0270-4689-989E-5655F29B6908}"
EndProject
Project("{9A19103F-16F7-4668-BE54-9A1E7A4F7556}") = "11.MultiplicationTable2.0", "11.MultiplicationTable2.0\11.MultiplicationTable2.0.csproj", "{A216CC02-9428-40F6-B218-B542DA4DD64F}"
EndProject
Project("{FAE04EC0-301F-11D3-BF4B-00C04F79EFBC}") = "12.EventNumber", "12.EventNumber\12.EventNumber.csproj", "{FA42D71C-C9AC-49E2-A662-B441D1555630}"
EndProject
Project("{FAE04EC0-301F-11D3-BF4B-00C04F79EFBC}") = "13.HolidaysBetweenTwoDates", "13.HolidaysBetweenTwoDates\13.HolidaysBetweenTwoDates.csproj", "{56E465DE-25F4-464E-BFA0-403441D2B7BC}"
EndProject
Global
	GlobalSection(SolutionConfigurationPlatforms) = preSolution
		Debug|Any CPU = Debug|Any CPU
		Release|Any CPU = Release|Any CPU
	EndGlobalSection
	GlobalSection(ProjectConfigurationPlatforms) = postSolution
		{DA07EC49-D0BA-4B0B-ACDA-A6382B8B0BBB}.Debug|Any CPU.ActiveCfg = Debug|Any CPU
		{DA07EC49-D0BA-4B0B-ACDA-A6382B8B0BBB}.Debug|Any CPU.Build.0 = Debug|Any CPU
		{DA07EC49-D0BA-4B0B-ACDA-A6382B8B0BBB}.Release|Any CPU.ActiveCfg = Release|Any CPU
		{DA07EC49-D0BA-4B0B-ACDA-A6382B8B0BBB}.Release|Any CPU.Build.0 = Release|Any CPU
		{8919369B-6719-4209-9C0F-E71A55F3CFE4}.Debug|Any CPU.ActiveCfg = Debug|Any CPU
		{8919369B-6719-4209-9C0F-E71A55F3CFE4}.Debug|Any CPU.Build.0 = Debug|Any CPU
		{8919369B-6719-4209-9C0F-E71A55F3CFE4}.Release|Any CPU.ActiveCfg = Release|Any CPU
		{8919369B-6719-4209-9C0F-E71A55F3CFE4}.Release|Any CPU.Build.0 = Release|Any CPU
		{3F95FEFC-4F7A-4840-96DB-FD53076A1BE2}.Debug|Any CPU.ActiveCfg = Debug|Any CPU
		{3F95FEFC-4F7A-4840-96DB-FD53076A1BE2}.Debug|Any CPU.Build.0 = Debug|Any CPU
		{3F95FEFC-4F7A-4840-96DB-FD53076A1BE2}.Release|Any CPU.ActiveCfg = Release|Any CPU
		{3F95FEFC-4F7A-4840-96DB-FD53076A1BE2}.Release|Any CPU.Build.0 = Release|Any CPU
		{955EAF19-8696-46A8-AB50-8F8F0BDEAF73}.Debug|Any CPU.ActiveCfg = Debug|Any CPU
		{955EAF19-8696-46A8-AB50-8F8F0BDEAF73}.Debug|Any CPU.Build.0 = Debug|Any CPU
		{955EAF19-8696-46A8-AB50-8F8F0BDEAF73}.Release|Any CPU.ActiveCfg = Release|Any CPU
		{955EAF19-8696-46A8-AB50-8F8F0BDEAF73}.Release|Any CPU.Build.0 = Release|Any CPU
		{C7C62E33-D66D-4325-9617-AE58850E1749}.Debug|Any CPU.ActiveCfg = Debug|Any CPU
		{C7C62E33-D66D-4325-9617-AE58850E1749}.Debug|Any CPU.Build.0 = Debug|Any CPU
		{C7C62E33-D66D-4325-9617-AE58850E1749}.Release|Any CPU.ActiveCfg = Release|Any CPU
		{C7C62E33-D66D-4325-9617-AE58850E1749}.Release|Any CPU.Build.0 = Release|Any CPU
		{560C83AA-8392-4A3E-91BF-54963A849B89}.Debug|Any CPU.ActiveCfg = Debug|Any CPU
		{560C83AA-8392-4A3E-91BF-54963A849B89}.Debug|Any CPU.Build.0 = Debug|Any CPU
		{560C83AA-8392-4A3E-91BF-54963A849B89}.Release|Any CPU.ActiveCfg = Release|Any CPU
		{560C83AA-8392-4A3E-91BF-54963A849B89}.Release|Any CPU.Build.0 = Release|Any CPU
		{4240E629-197E-4833-A559-26D36D646A68}.Debug|Any CPU.ActiveCfg = Debug|Any CPU
		{4240E629-197E-4833-A559-26D36D646A68}.Debug|Any CPU.Build.0 = Debug|Any CPU
		{4240E629-197E-4833-A559-26D36D646A68}.Release|Any CPU.ActiveCfg = Release|Any CPU
		{4240E629-197E-4833-A559-26D36D646A68}.Release|Any CPU.Build.0 = Release|Any CPU
		{F99216DD-8BDC-444A-AA82-B4AF36A7FFFA}.Debug|Any CPU.ActiveCfg = Debug|Any CPU
		{F99216DD-8BDC-444A-AA82-B4AF36A7FFFA}.Debug|Any CPU.Build.0 = Debug|Any CPU
		{F99216DD-8BDC-444A-AA82-B4AF36A7FFFA}.Release|Any CPU.ActiveCfg = Release|Any CPU
		{F99216DD-8BDC-444A-AA82-B4AF36A7FFFA}.Release|Any CPU.Build.0 = Release|Any CPU
		{6ABD763E-92E8-41EA-BAA0-AC90C335F050}.Debug|Any CPU.ActiveCfg = Debug|Any CPU
		{6ABD763E-92E8-41EA-BAA0-AC90C335F050}.Debug|Any CPU.Build.0 = Debug|Any CPU
		{6ABD763E-92E8-41EA-BAA0-AC90C335F050}.Release|Any CPU.ActiveCfg = Release|Any CPU
		{6ABD763E-92E8-41EA-BAA0-AC90C335F050}.Release|Any CPU.Build.0 = Release|Any CPU
		{3003B9DF-0270-4689-989E-5655F29B6908}.Debug|Any CPU.ActiveCfg = Debug|Any CPU
		{3003B9DF-0270-4689-989E-5655F29B6908}.Debug|Any CPU.Build.0 = Debug|Any CPU
		{3003B9DF-0270-4689-989E-5655F29B6908}.Release|Any CPU.ActiveCfg = Release|Any CPU
		{3003B9DF-0270-4689-989E-5655F29B6908}.Release|Any CPU.Build.0 = Release|Any CPU
		{A216CC02-9428-40F6-B218-B542DA4DD64F}.Debug|Any CPU.ActiveCfg = Debug|Any CPU
		{A216CC02-9428-40F6-B218-B542DA4DD64F}.Debug|Any CPU.Build.0 = Debug|Any CPU
		{A216CC02-9428-40F6-B218-B542DA4DD64F}.Release|Any CPU.ActiveCfg = Release|Any CPU
		{A216CC02-9428-40F6-B218-B542DA4DD64F}.Release|Any CPU.Build.0 = Release|Any CPU
		{FA42D71C-C9AC-49E2-A662-B441D1555630}.Debug|Any CPU.ActiveCfg = Debug|Any CPU
		{FA42D71C-C9AC-49E2-A662-B441D1555630}.Debug|Any CPU.Build.0 = Debug|Any CPU
		{FA42D71C-C9AC-49E2-A662-B441D1555630}.Release|Any CPU.ActiveCfg = Release|Any CPU
		{FA42D71C-C9AC-49E2-A662-B441D1555630}.Release|Any CPU.Build.0 = Release|Any CPU
		{56E465DE-25F4-464E-BFA0-403441D2B7BC}.Debug|Any CPU.ActiveCfg = Debug|Any CPU
		{56E465DE-25F4-464E-BFA0-403441D2B7BC}.Debug|Any CPU.Build.0 = Debug|Any CPU
		{56E465DE-25F4-464E-BFA0-403441D2B7BC}.Release|Any CPU.ActiveCfg = Release|Any CPU
		{56E465DE-25F4-464E-BFA0-403441D2B7BC}.Release|Any CPU.Build.0 = Release|Any CPU
	EndGlobalSection
	GlobalSection(SolutionProperties) = preSolution
		HideSolutionNode = FALSE
	EndGlobalSection
	GlobalSection(ExtensibilityGlobals) = postSolution
		SolutionGuid = {A05C0D14-DA03-41B9-80DA-320D2B9286E3}
	EndGlobalSection
EndGlobal
