
Microsoft Visual Studio Solution File, Format Version 12.00
# Visual Studio Version 16
VisualStudioVersion = 16.0.31105.61
MinimumVisualStudioVersion = 10.0.40219.1
Project("{9A19103F-16F7-4668-BE54-9A1E7A4F7556}") = "01.ActionPoint", "01.ActionPoint\01.ActionPoint.csproj", "{151A91AE-5BAE-442B-8197-90DEA6B4DC4E}"
EndProject
Project("{9A19103F-16F7-4668-BE54-9A1E7A4F7556}") = "02.KnightsOfHonor", "02.KnightsOfHonor\02.KnightsOfHonor.csproj", "{563547A6-1EE9-4675-9B29-7DA1500BD48E}"
EndProject
Project("{9A19103F-16F7-4668-BE54-9A1E7A4F7556}") = "03.CustomMinFunction", "03.CustomMinFunction\03.CustomMinFunction.csproj", "{6F94EBF0-864D-4AC2-8C95-644BD4FD5710}"
EndProject
Project("{9A19103F-16F7-4668-BE54-9A1E7A4F7556}") = "04.FindEvensOrOdds", "04.FindEvensOrOdds\04.FindEvensOrOdds.csproj", "{C3473A9D-BB20-4C14-8068-9E4FAA5C703E}"
EndProject
Project("{FAE04EC0-301F-11D3-BF4B-00C04F79EFBC}") = "05.AppliedArithmetics", "05.AppliedArithmetics\05.AppliedArithmetics.csproj", "{11BE8703-D6AB-488F-9158-142ADB9559DE}"
EndProject
Global
	GlobalSection(SolutionConfigurationPlatforms) = preSolution
		Debug|Any CPU = Debug|Any CPU
		Release|Any CPU = Release|Any CPU
	EndGlobalSection
	GlobalSection(ProjectConfigurationPlatforms) = postSolution
		{151A91AE-5BAE-442B-8197-90DEA6B4DC4E}.Debug|Any CPU.ActiveCfg = Debug|Any CPU
		{151A91AE-5BAE-442B-8197-90DEA6B4DC4E}.Debug|Any CPU.Build.0 = Debug|Any CPU
		{151A91AE-5BAE-442B-8197-90DEA6B4DC4E}.Release|Any CPU.ActiveCfg = Release|Any CPU
		{151A91AE-5BAE-442B-8197-90DEA6B4DC4E}.Release|Any CPU.Build.0 = Release|Any CPU
		{563547A6-1EE9-4675-9B29-7DA1500BD48E}.Debug|Any CPU.ActiveCfg = Debug|Any CPU
		{563547A6-1EE9-4675-9B29-7DA1500BD48E}.Debug|Any CPU.Build.0 = Debug|Any CPU
		{563547A6-1EE9-4675-9B29-7DA1500BD48E}.Release|Any CPU.ActiveCfg = Release|Any CPU
		{563547A6-1EE9-4675-9B29-7DA1500BD48E}.Release|Any CPU.Build.0 = Release|Any CPU
		{6F94EBF0-864D-4AC2-8C95-644BD4FD5710}.Debug|Any CPU.ActiveCfg = Debug|Any CPU
		{6F94EBF0-864D-4AC2-8C95-644BD4FD5710}.Debug|Any CPU.Build.0 = Debug|Any CPU
		{6F94EBF0-864D-4AC2-8C95-644BD4FD5710}.Release|Any CPU.ActiveCfg = Release|Any CPU
		{6F94EBF0-864D-4AC2-8C95-644BD4FD5710}.Release|Any CPU.Build.0 = Release|Any CPU
		{C3473A9D-BB20-4C14-8068-9E4FAA5C703E}.Debug|Any CPU.ActiveCfg = Debug|Any CPU
		{C3473A9D-BB20-4C14-8068-9E4FAA5C703E}.Debug|Any CPU.Build.0 = Debug|Any CPU
		{C3473A9D-BB20-4C14-8068-9E4FAA5C703E}.Release|Any CPU.ActiveCfg = Release|Any CPU
		{C3473A9D-BB20-4C14-8068-9E4FAA5C703E}.Release|Any CPU.Build.0 = Release|Any CPU
		{11BE8703-D6AB-488F-9158-142ADB9559DE}.Debug|Any CPU.ActiveCfg = Debug|Any CPU
		{11BE8703-D6AB-488F-9158-142ADB9559DE}.Debug|Any CPU.Build.0 = Debug|Any CPU
		{11BE8703-D6AB-488F-9158-142ADB9559DE}.Release|Any CPU.ActiveCfg = Release|Any CPU
		{11BE8703-D6AB-488F-9158-142ADB9559DE}.Release|Any CPU.Build.0 = Release|Any CPU
	EndGlobalSection
	GlobalSection(SolutionProperties) = preSolution
		HideSolutionNode = FALSE
	EndGlobalSection
	GlobalSection(ExtensibilityGlobals) = postSolution
		SolutionGuid = {F27C63BE-E9C4-4363-9EDC-33E3C0A7C2E8}
	EndGlobalSection
EndGlobal
