
Microsoft Visual Studio Solution File, Format Version 12.00
# Visual Studio Version 16
VisualStudioVersion = 16.0.31105.61
MinimumVisualStudioVersion = 10.0.40219.1
Project("{FAE04EC0-301F-11D3-BF4B-00C04F79EFBC}") = "08.Implementing List and Stack", "08.Implementing List and Stack\08.Implementing List and Stack.csproj", "{429EF25D-E189-4870-826F-BEF65DAB8D40}"
EndProject
Global
	GlobalSection(SolutionConfigurationPlatforms) = preSolution
		Debug|Any CPU = Debug|Any CPU
		Release|Any CPU = Release|Any CPU
	EndGlobalSection
	GlobalSection(ProjectConfigurationPlatforms) = postSolution
		{429EF25D-E189-4870-826F-BEF65DAB8D40}.Debug|Any CPU.ActiveCfg = Debug|Any CPU
		{429EF25D-E189-4870-826F-BEF65DAB8D40}.Debug|Any CPU.Build.0 = Debug|Any CPU
		{429EF25D-E189-4870-826F-BEF65DAB8D40}.Release|Any CPU.ActiveCfg = Release|Any CPU
		{429EF25D-E189-4870-826F-BEF65DAB8D40}.Release|Any CPU.Build.0 = Release|Any CPU
	EndGlobalSection
	GlobalSection(SolutionProperties) = preSolution
		HideSolutionNode = FALSE
	EndGlobalSection
	GlobalSection(ExtensibilityGlobals) = postSolution
		SolutionGuid = {8F2B2D78-3B9F-469C-A47C-2E9061BFE832}
	EndGlobalSection
EndGlobal
