
Microsoft Visual Studio Solution File, Format Version 12.00
# Visual Studio Version 16
VisualStudioVersion = 16.0.30621.155
MinimumVisualStudioVersion = 10.0.40219.1
Project("{9A19103F-16F7-4668-BE54-9A1E7A4F7556}") = "01.SoftUniReception", "01.SoftUniReception\01.SoftUniReception.csproj", "{B51AADE8-2BFF-475E-B61D-801398D9FAB2}"
EndProject
Project("{9A19103F-16F7-4668-BE54-9A1E7A4F7556}") = "02.ArrayModifier", "02.ArrayModifier\02.ArrayModifier.csproj", "{524CAA28-1EF5-4B3B-BD73-C35A0522C967}"
EndProject
Project("{FAE04EC0-301F-11D3-BF4B-00C04F79EFBC}") = "03.Numbers", "03.Numbers\03.Numbers.csproj", "{634CEA49-170E-46CE-9BCD-89A9AAC3A2F6}"
EndProject
Global
	GlobalSection(SolutionConfigurationPlatforms) = preSolution
		Debug|Any CPU = Debug|Any CPU
		Release|Any CPU = Release|Any CPU
	EndGlobalSection
	GlobalSection(ProjectConfigurationPlatforms) = postSolution
		{B51AADE8-2BFF-475E-B61D-801398D9FAB2}.Debug|Any CPU.ActiveCfg = Debug|Any CPU
		{B51AADE8-2BFF-475E-B61D-801398D9FAB2}.Debug|Any CPU.Build.0 = Debug|Any CPU
		{B51AADE8-2BFF-475E-B61D-801398D9FAB2}.Release|Any CPU.ActiveCfg = Release|Any CPU
		{B51AADE8-2BFF-475E-B61D-801398D9FAB2}.Release|Any CPU.Build.0 = Release|Any CPU
		{524CAA28-1EF5-4B3B-BD73-C35A0522C967}.Debug|Any CPU.ActiveCfg = Debug|Any CPU
		{524CAA28-1EF5-4B3B-BD73-C35A0522C967}.Debug|Any CPU.Build.0 = Debug|Any CPU
		{524CAA28-1EF5-4B3B-BD73-C35A0522C967}.Release|Any CPU.ActiveCfg = Release|Any CPU
		{524CAA28-1EF5-4B3B-BD73-C35A0522C967}.Release|Any CPU.Build.0 = Release|Any CPU
		{634CEA49-170E-46CE-9BCD-89A9AAC3A2F6}.Debug|Any CPU.ActiveCfg = Debug|Any CPU
		{634CEA49-170E-46CE-9BCD-89A9AAC3A2F6}.Debug|Any CPU.Build.0 = Debug|Any CPU
		{634CEA49-170E-46CE-9BCD-89A9AAC3A2F6}.Release|Any CPU.ActiveCfg = Release|Any CPU
		{634CEA49-170E-46CE-9BCD-89A9AAC3A2F6}.Release|Any CPU.Build.0 = Release|Any CPU
	EndGlobalSection
	GlobalSection(SolutionProperties) = preSolution
		HideSolutionNode = FALSE
	EndGlobalSection
	GlobalSection(ExtensibilityGlobals) = postSolution
		SolutionGuid = {093ACA38-087E-4537-AF25-555A50C1F58F}
	EndGlobalSection
EndGlobal
