
Microsoft Visual Studio Solution File, Format Version 12.00
# Visual Studio Version 17
VisualStudioVersion = 17.7.34031.279
MinimumVisualStudioVersion = 10.0.40219.1
Project("{9A19103F-16F7-4668-BE54-9A1E7A4F7556}") = "ORM-DBfirstModel", "ORM-DBfirstModel\ORM-DBfirstModel.csproj", "{DCD64528-9028-4418-973A-EEC57CF21CC5}"
EndProject
Project("{FAE04EC0-301F-11D3-BF4B-00C04F79EFBC}") = "ORM-CodeFirst", "ORM-CodeFirst\ORM-CodeFirst.csproj", "{DEBC93F3-A21F-456F-97C6-F505D24D8CEC}"
EndProject
Global
	GlobalSection(SolutionConfigurationPlatforms) = preSolution
		Debug|Any CPU = Debug|Any CPU
		Release|Any CPU = Release|Any CPU
	EndGlobalSection
	GlobalSection(ProjectConfigurationPlatforms) = postSolution
		{DCD64528-9028-4418-973A-EEC57CF21CC5}.Debug|Any CPU.ActiveCfg = Debug|Any CPU
		{DCD64528-9028-4418-973A-EEC57CF21CC5}.Debug|Any CPU.Build.0 = Debug|Any CPU
		{DCD64528-9028-4418-973A-EEC57CF21CC5}.Release|Any CPU.ActiveCfg = Release|Any CPU
		{DCD64528-9028-4418-973A-EEC57CF21CC5}.Release|Any CPU.Build.0 = Release|Any CPU
		{DEBC93F3-A21F-456F-97C6-F505D24D8CEC}.Debug|Any CPU.ActiveCfg = Debug|Any CPU
		{DEBC93F3-A21F-456F-97C6-F505D24D8CEC}.Debug|Any CPU.Build.0 = Debug|Any CPU
		{DEBC93F3-A21F-456F-97C6-F505D24D8CEC}.Release|Any CPU.ActiveCfg = Release|Any CPU
		{DEBC93F3-A21F-456F-97C6-F505D24D8CEC}.Release|Any CPU.Build.0 = Release|Any CPU
	EndGlobalSection
	GlobalSection(SolutionProperties) = preSolution
		HideSolutionNode = FALSE
	EndGlobalSection
	GlobalSection(ExtensibilityGlobals) = postSolution
		SolutionGuid = {200ACF14-482E-4415-B884-1C7D5B89256C}
	EndGlobalSection
EndGlobal
