
Microsoft Visual Studio Solution File, Format Version 12.00
# Visual Studio Version 16
VisualStudioVersion = 16.0.31105.61
MinimumVisualStudioVersion = 10.0.40219.1
Project("{9A19103F-16F7-4668-BE54-9A1E7A4F7556}") = "01.Blacksmith", "01.Blacksmith\01.Blacksmith.csproj", "{0BAE8213-CB46-4B8A-94C8-B849761633AD}"
EndProject
Project("{9A19103F-16F7-4668-BE54-9A1E7A4F7556}") = "02.ArmoryProblemDescription", "02.ArmoryProblemDescription\02.ArmoryProblemDescription.csproj", "{89B505AC-95E3-4BCF-A5B3-22FE1664CFB7}"
EndProject
Project("{FAE04EC0-301F-11D3-BF4B-00C04F79EFBC}") = "03.DronesProblemDescription.", "03.DronesProblemDescription\03.DronesProblemDescription..csproj", "{C56A5416-4984-4350-8D5F-1D2DA00A5BFA}"
EndProject
Global
	GlobalSection(SolutionConfigurationPlatforms) = preSolution
		Debug|Any CPU = Debug|Any CPU
		Release|Any CPU = Release|Any CPU
	EndGlobalSection
	GlobalSection(ProjectConfigurationPlatforms) = postSolution
		{0BAE8213-CB46-4B8A-94C8-B849761633AD}.Debug|Any CPU.ActiveCfg = Debug|Any CPU
		{0BAE8213-CB46-4B8A-94C8-B849761633AD}.Debug|Any CPU.Build.0 = Debug|Any CPU
		{0BAE8213-CB46-4B8A-94C8-B849761633AD}.Release|Any CPU.ActiveCfg = Release|Any CPU
		{0BAE8213-CB46-4B8A-94C8-B849761633AD}.Release|Any CPU.Build.0 = Release|Any CPU
		{89B505AC-95E3-4BCF-A5B3-22FE1664CFB7}.Debug|Any CPU.ActiveCfg = Debug|Any CPU
		{89B505AC-95E3-4BCF-A5B3-22FE1664CFB7}.Debug|Any CPU.Build.0 = Debug|Any CPU
		{89B505AC-95E3-4BCF-A5B3-22FE1664CFB7}.Release|Any CPU.ActiveCfg = Release|Any CPU
		{89B505AC-95E3-4BCF-A5B3-22FE1664CFB7}.Release|Any CPU.Build.0 = Release|Any CPU
		{C56A5416-4984-4350-8D5F-1D2DA00A5BFA}.Debug|Any CPU.ActiveCfg = Debug|Any CPU
		{C56A5416-4984-4350-8D5F-1D2DA00A5BFA}.Debug|Any CPU.Build.0 = Debug|Any CPU
		{C56A5416-4984-4350-8D5F-1D2DA00A5BFA}.Release|Any CPU.ActiveCfg = Release|Any CPU
		{C56A5416-4984-4350-8D5F-1D2DA00A5BFA}.Release|Any CPU.Build.0 = Release|Any CPU
	EndGlobalSection
	GlobalSection(SolutionProperties) = preSolution
		HideSolutionNode = FALSE
	EndGlobalSection
	GlobalSection(ExtensibilityGlobals) = postSolution
		SolutionGuid = {C9F08083-AE6A-43FD-BCF2-05367815F221}
	EndGlobalSection
EndGlobal
