
Microsoft Visual Studio Solution File, Format Version 12.00
# Visual Studio Version 16
VisualStudioVersion = 16.0.30804.86
MinimumVisualStudioVersion = 10.0.40219.1
Project("{9A19103F-16F7-4668-BE54-9A1E7A4F7556}") = "01.WinningTicket", "01.WinningTicket\01.WinningTicket.csproj", "{DDAF3EF8-E1EA-46A2-9669-2E44D7935D96}"
EndProject
Project("{9A19103F-16F7-4668-BE54-9A1E7A4F7556}") = "02.RageQuit", "02.RageQuit\02.RageQuit.csproj", "{72540B85-D59B-49BC-BD71-F5C8D3B36ECD}"
EndProject
Project("{9A19103F-16F7-4668-BE54-9A1E7A4F7556}") = "03.PostOffice", "03.PostOffice\03.PostOffice.csproj", "{3E8D7516-C5EC-4B2D-A6CD-5956F085DAC4}"
EndProject
Project("{FAE04EC0-301F-11D3-BF4B-00C04F79EFBC}") = "04.Santa`sSecretHelper", "04.Santa`sSecretHelper\04.Santa`sSecretHelper.csproj", "{4984B75C-C524-43F2-AD67-5DC03F22D546}"
EndProject
Global
	GlobalSection(SolutionConfigurationPlatforms) = preSolution
		Debug|Any CPU = Debug|Any CPU
		Release|Any CPU = Release|Any CPU
	EndGlobalSection
	GlobalSection(ProjectConfigurationPlatforms) = postSolution
		{DDAF3EF8-E1EA-46A2-9669-2E44D7935D96}.Debug|Any CPU.ActiveCfg = Debug|Any CPU
		{DDAF3EF8-E1EA-46A2-9669-2E44D7935D96}.Debug|Any CPU.Build.0 = Debug|Any CPU
		{DDAF3EF8-E1EA-46A2-9669-2E44D7935D96}.Release|Any CPU.ActiveCfg = Release|Any CPU
		{DDAF3EF8-E1EA-46A2-9669-2E44D7935D96}.Release|Any CPU.Build.0 = Release|Any CPU
		{72540B85-D59B-49BC-BD71-F5C8D3B36ECD}.Debug|Any CPU.ActiveCfg = Debug|Any CPU
		{72540B85-D59B-49BC-BD71-F5C8D3B36ECD}.Debug|Any CPU.Build.0 = Debug|Any CPU
		{72540B85-D59B-49BC-BD71-F5C8D3B36ECD}.Release|Any CPU.ActiveCfg = Release|Any CPU
		{72540B85-D59B-49BC-BD71-F5C8D3B36ECD}.Release|Any CPU.Build.0 = Release|Any CPU
		{3E8D7516-C5EC-4B2D-A6CD-5956F085DAC4}.Debug|Any CPU.ActiveCfg = Debug|Any CPU
		{3E8D7516-C5EC-4B2D-A6CD-5956F085DAC4}.Debug|Any CPU.Build.0 = Debug|Any CPU
		{3E8D7516-C5EC-4B2D-A6CD-5956F085DAC4}.Release|Any CPU.ActiveCfg = Release|Any CPU
		{3E8D7516-C5EC-4B2D-A6CD-5956F085DAC4}.Release|Any CPU.Build.0 = Release|Any CPU
		{4984B75C-C524-43F2-AD67-5DC03F22D546}.Debug|Any CPU.ActiveCfg = Debug|Any CPU
		{4984B75C-C524-43F2-AD67-5DC03F22D546}.Debug|Any CPU.Build.0 = Debug|Any CPU
		{4984B75C-C524-43F2-AD67-5DC03F22D546}.Release|Any CPU.ActiveCfg = Release|Any CPU
		{4984B75C-C524-43F2-AD67-5DC03F22D546}.Release|Any CPU.Build.0 = Release|Any CPU
	EndGlobalSection
	GlobalSection(SolutionProperties) = preSolution
		HideSolutionNode = FALSE
	EndGlobalSection
	GlobalSection(ExtensibilityGlobals) = postSolution
		SolutionGuid = {AE682C22-ED75-4C9F-8B57-ED43D44A24BC}
	EndGlobalSection
EndGlobal
