
Microsoft Visual Studio Solution File, Format Version 12.00
# Visual Studio Version 16
VisualStudioVersion = 16.0.30804.86
MinimumVisualStudioVersion = 10.0.40219.1
Project("{9A19103F-16F7-4668-BE54-9A1E7A4F7556}") = "01.ReverseStrings", "01.ReverseStrings\01.ReverseStrings.csproj", "{011C7FE0-B648-43D5-B05F-41DDFF0C1454}"
EndProject
Project("{9A19103F-16F7-4668-BE54-9A1E7A4F7556}") = "02.RepeatStrings", "02.RepeatStrings\02.RepeatStrings.csproj", "{EBAD172A-4827-403A-8136-D60CEA7956CC}"
EndProject
Project("{9A19103F-16F7-4668-BE54-9A1E7A4F7556}") = "03.Substring", "03.Substring\03.Substring.csproj", "{408D13C9-0A02-465A-BFF0-BAC9561E9C2A}"
EndProject
Project("{9A19103F-16F7-4668-BE54-9A1E7A4F7556}") = "04.TextFilter", "04.TextFilter\04.TextFilter.csproj", "{6C7D8505-BA87-4C54-9A2F-C72160BE13BE}"
EndProject
Project("{9A19103F-16F7-4668-BE54-9A1E7A4F7556}") = "05.DigitsLettersAndOther", "05.DigitsLettersAndOther\05.DigitsLettersAndOther.csproj", "{66908012-991A-4D00-9449-74852530052C}"
EndProject
Project("{FAE04EC0-301F-11D3-BF4B-00C04F79EFBC}") = "02.01.CountSubstringOccurrences", "02.01.CountSubstringOccurrences\02.01.CountSubstringOccurrences.csproj", "{5D7D0712-DE3D-477E-AB4F-CC1DC6E81FC2}"
EndProject
Project("{FAE04EC0-301F-11D3-BF4B-00C04F79EFBC}") = "04.Palindromes", "04.Palindromes\04.Palindromes.csproj", "{F7960030-BC09-4BAB-A8C9-4FFA7A2B544A}"
EndProject
Global
	GlobalSection(SolutionConfigurationPlatforms) = preSolution
		Debug|Any CPU = Debug|Any CPU
		Release|Any CPU = Release|Any CPU
	EndGlobalSection
	GlobalSection(ProjectConfigurationPlatforms) = postSolution
		{011C7FE0-B648-43D5-B05F-41DDFF0C1454}.Debug|Any CPU.ActiveCfg = Debug|Any CPU
		{011C7FE0-B648-43D5-B05F-41DDFF0C1454}.Debug|Any CPU.Build.0 = Debug|Any CPU
		{011C7FE0-B648-43D5-B05F-41DDFF0C1454}.Release|Any CPU.ActiveCfg = Release|Any CPU
		{011C7FE0-B648-43D5-B05F-41DDFF0C1454}.Release|Any CPU.Build.0 = Release|Any CPU
		{EBAD172A-4827-403A-8136-D60CEA7956CC}.Debug|Any CPU.ActiveCfg = Debug|Any CPU
		{EBAD172A-4827-403A-8136-D60CEA7956CC}.Debug|Any CPU.Build.0 = Debug|Any CPU
		{EBAD172A-4827-403A-8136-D60CEA7956CC}.Release|Any CPU.ActiveCfg = Release|Any CPU
		{EBAD172A-4827-403A-8136-D60CEA7956CC}.Release|Any CPU.Build.0 = Release|Any CPU
		{408D13C9-0A02-465A-BFF0-BAC9561E9C2A}.Debug|Any CPU.ActiveCfg = Debug|Any CPU
		{408D13C9-0A02-465A-BFF0-BAC9561E9C2A}.Debug|Any CPU.Build.0 = Debug|Any CPU
		{408D13C9-0A02-465A-BFF0-BAC9561E9C2A}.Release|Any CPU.ActiveCfg = Release|Any CPU
		{408D13C9-0A02-465A-BFF0-BAC9561E9C2A}.Release|Any CPU.Build.0 = Release|Any CPU
		{6C7D8505-BA87-4C54-9A2F-C72160BE13BE}.Debug|Any CPU.ActiveCfg = Debug|Any CPU
		{6C7D8505-BA87-4C54-9A2F-C72160BE13BE}.Debug|Any CPU.Build.0 = Debug|Any CPU
		{6C7D8505-BA87-4C54-9A2F-C72160BE13BE}.Release|Any CPU.ActiveCfg = Release|Any CPU
		{6C7D8505-BA87-4C54-9A2F-C72160BE13BE}.Release|Any CPU.Build.0 = Release|Any CPU
		{66908012-991A-4D00-9449-74852530052C}.Debug|Any CPU.ActiveCfg = Debug|Any CPU
		{66908012-991A-4D00-9449-74852530052C}.Debug|Any CPU.Build.0 = Debug|Any CPU
		{66908012-991A-4D00-9449-74852530052C}.Release|Any CPU.ActiveCfg = Release|Any CPU
		{66908012-991A-4D00-9449-74852530052C}.Release|Any CPU.Build.0 = Release|Any CPU
		{5D7D0712-DE3D-477E-AB4F-CC1DC6E81FC2}.Debug|Any CPU.ActiveCfg = Debug|Any CPU
		{5D7D0712-DE3D-477E-AB4F-CC1DC6E81FC2}.Debug|Any CPU.Build.0 = Debug|Any CPU
		{5D7D0712-DE3D-477E-AB4F-CC1DC6E81FC2}.Release|Any CPU.ActiveCfg = Release|Any CPU
		{5D7D0712-DE3D-477E-AB4F-CC1DC6E81FC2}.Release|Any CPU.Build.0 = Release|Any CPU
		{F7960030-BC09-4BAB-A8C9-4FFA7A2B544A}.Debug|Any CPU.ActiveCfg = Debug|Any CPU
		{F7960030-BC09-4BAB-A8C9-4FFA7A2B544A}.Debug|Any CPU.Build.0 = Debug|Any CPU
		{F7960030-BC09-4BAB-A8C9-4FFA7A2B544A}.Release|Any CPU.ActiveCfg = Release|Any CPU
		{F7960030-BC09-4BAB-A8C9-4FFA7A2B544A}.Release|Any CPU.Build.0 = Release|Any CPU
	EndGlobalSection
	GlobalSection(SolutionProperties) = preSolution
		HideSolutionNode = FALSE
	EndGlobalSection
	GlobalSection(ExtensibilityGlobals) = postSolution
		SolutionGuid = {D5F2CE05-A5FF-4D4B-8682-7280DA14C301}
	EndGlobalSection
EndGlobal
