
Microsoft Visual Studio Solution File, Format Version 12.00
# Visual Studio Version 16
VisualStudioVersion = 16.0.31105.61
MinimumVisualStudioVersion = 10.0.40219.1
Project("{9A19103F-16F7-4668-BE54-9A1E7A4F7556}") = "01.MealPlan", "01.MealPlan\01.MealPlan.csproj", "{4848DC6B-7349-4340-A228-4E8C7B4C3192}"
EndProject
Project("{9A19103F-16F7-4668-BE54-9A1E7A4F7556}") = "02.TruffleHunter", "02.TruffleHunter\02.TruffleHunter.csproj", "{C9D926E3-A410-4574-81C4-718F576EFCE1}"
EndProject
Project("{FAE04EC0-301F-11D3-BF4B-00C04F79EFBC}") = "03.Zoo", "03.Zoo\03.Zoo.csproj", "{FF165E6B-A582-4F6E-99CD-3C668C36D7A5}"
EndProject
Global
	GlobalSection(SolutionConfigurationPlatforms) = preSolution
		Debug|Any CPU = Debug|Any CPU
		Release|Any CPU = Release|Any CPU
	EndGlobalSection
	GlobalSection(ProjectConfigurationPlatforms) = postSolution
		{4848DC6B-7349-4340-A228-4E8C7B4C3192}.Debug|Any CPU.ActiveCfg = Debug|Any CPU
		{4848DC6B-7349-4340-A228-4E8C7B4C3192}.Debug|Any CPU.Build.0 = Debug|Any CPU
		{4848DC6B-7349-4340-A228-4E8C7B4C3192}.Release|Any CPU.ActiveCfg = Release|Any CPU
		{4848DC6B-7349-4340-A228-4E8C7B4C3192}.Release|Any CPU.Build.0 = Release|Any CPU
		{C9D926E3-A410-4574-81C4-718F576EFCE1}.Debug|Any CPU.ActiveCfg = Debug|Any CPU
		{C9D926E3-A410-4574-81C4-718F576EFCE1}.Debug|Any CPU.Build.0 = Debug|Any CPU
		{C9D926E3-A410-4574-81C4-718F576EFCE1}.Release|Any CPU.ActiveCfg = Release|Any CPU
		{C9D926E3-A410-4574-81C4-718F576EFCE1}.Release|Any CPU.Build.0 = Release|Any CPU
		{FF165E6B-A582-4F6E-99CD-3C668C36D7A5}.Debug|Any CPU.ActiveCfg = Debug|Any CPU
		{FF165E6B-A582-4F6E-99CD-3C668C36D7A5}.Debug|Any CPU.Build.0 = Debug|Any CPU
		{FF165E6B-A582-4F6E-99CD-3C668C36D7A5}.Release|Any CPU.ActiveCfg = Release|Any CPU
		{FF165E6B-A582-4F6E-99CD-3C668C36D7A5}.Release|Any CPU.Build.0 = Release|Any CPU
	EndGlobalSection
	GlobalSection(SolutionProperties) = preSolution
		HideSolutionNode = FALSE
	EndGlobalSection
	GlobalSection(ExtensibilityGlobals) = postSolution
		SolutionGuid = {C1451EA3-163F-4A91-89AA-294C01A9A7A9}
	EndGlobalSection
EndGlobal
