
Microsoft Visual Studio Solution File, Format Version 12.00
# Visual Studio Version 17
VisualStudioVersion = 17.4.33205.214
MinimumVisualStudioVersion = 10.0.40219.1
Project("{9A19103F-16F7-4668-BE54-9A1E7A4F7556}") = "01.Prototype", "01.Prototype\01.Prototype.csproj", "{D755FE83-3FD2-4170-BF78-79F42BFB8C5B}"
EndProject
Project("{9A19103F-16F7-4668-BE54-9A1E7A4F7556}") = "02.CompositePattern", "02.CompositePattern\02.CompositePattern.csproj", "{C07CD3C8-A66C-46E9-9184-21E199E17290}"
EndProject
Project("{FAE04EC0-301F-11D3-BF4B-00C04F79EFBC}") = "03.TemplatePattern", "03.TemplatePattern\03.TemplatePattern.csproj", "{5304D87B-3308-4CA4-A86B-E4B9D4F09103}"
EndProject
Global
	GlobalSection(SolutionConfigurationPlatforms) = preSolution
		Debug|Any CPU = Debug|Any CPU
		Release|Any CPU = Release|Any CPU
	EndGlobalSection
	GlobalSection(ProjectConfigurationPlatforms) = postSolution
		{D755FE83-3FD2-4170-BF78-79F42BFB8C5B}.Debug|Any CPU.ActiveCfg = Debug|Any CPU
		{D755FE83-3FD2-4170-BF78-79F42BFB8C5B}.Debug|Any CPU.Build.0 = Debug|Any CPU
		{D755FE83-3FD2-4170-BF78-79F42BFB8C5B}.Release|Any CPU.ActiveCfg = Release|Any CPU
		{D755FE83-3FD2-4170-BF78-79F42BFB8C5B}.Release|Any CPU.Build.0 = Release|Any CPU
		{C07CD3C8-A66C-46E9-9184-21E199E17290}.Debug|Any CPU.ActiveCfg = Debug|Any CPU
		{C07CD3C8-A66C-46E9-9184-21E199E17290}.Debug|Any CPU.Build.0 = Debug|Any CPU
		{C07CD3C8-A66C-46E9-9184-21E199E17290}.Release|Any CPU.ActiveCfg = Release|Any CPU
		{C07CD3C8-A66C-46E9-9184-21E199E17290}.Release|Any CPU.Build.0 = Release|Any CPU
		{5304D87B-3308-4CA4-A86B-E4B9D4F09103}.Debug|Any CPU.ActiveCfg = Debug|Any CPU
		{5304D87B-3308-4CA4-A86B-E4B9D4F09103}.Debug|Any CPU.Build.0 = Debug|Any CPU
		{5304D87B-3308-4CA4-A86B-E4B9D4F09103}.Release|Any CPU.ActiveCfg = Release|Any CPU
		{5304D87B-3308-4CA4-A86B-E4B9D4F09103}.Release|Any CPU.Build.0 = Release|Any CPU
	EndGlobalSection
	GlobalSection(SolutionProperties) = preSolution
		HideSolutionNode = FALSE
	EndGlobalSection
	GlobalSection(ExtensibilityGlobals) = postSolution
		SolutionGuid = {DCC5AA4D-AD04-4445-9BBB-C8381EA5F432}
	EndGlobalSection
EndGlobal
