
Microsoft Visual Studio Solution File, Format Version 12.00
# Visual Studio Version 16
VisualStudioVersion = 16.0.30804.86
MinimumVisualStudioVersion = 10.0.40219.1
Project("{9A19103F-16F7-4668-BE54-9A1E7A4F7556}") = "01.Furniture", "01.Furniture\01.Furniture.csproj", "{5589A2EA-B673-46D3-99B0-1B57F9776F41}"
EndProject
Project("{9A19103F-16F7-4668-BE54-9A1E7A4F7556}") = "02.Race", "02.Race\02.Race.csproj", "{40BAB587-AE62-4BE6-AB30-6F129F038C15}"
EndProject
Project("{9A19103F-16F7-4668-BE54-9A1E7A4F7556}") = "03.SoftUniBarIncome", "03.SoftUniBarIncome\03.SoftUniBarIncome.csproj", "{B1913FEB-FA5B-419F-A59D-48BD0DD3575D}"
EndProject
Project("{9A19103F-16F7-4668-BE54-9A1E7A4F7556}") = "04.StarEnigma", "04.StarEnigma\04.StarEnigma.csproj", "{16BC539B-1CCF-41D7-B653-F0BE1E17A8E4}"
EndProject
Project("{9A19103F-16F7-4668-BE54-9A1E7A4F7556}") = "05.NetherRealms", "05.NetherRealms\05.NetherRealms.csproj", "{BD9E1246-9650-4BEA-9F75-2BE31D826E48}"
EndProject
Project("{FAE04EC0-301F-11D3-BF4B-00C04F79EFBC}") = "06.ExtractEmails", "06.ExtractEmails\06.ExtractEmails.csproj", "{23F53096-014E-4316-9360-641C74D283B1}"
EndProject
Global
	GlobalSection(SolutionConfigurationPlatforms) = preSolution
		Debug|Any CPU = Debug|Any CPU
		Release|Any CPU = Release|Any CPU
	EndGlobalSection
	GlobalSection(ProjectConfigurationPlatforms) = postSolution
		{5589A2EA-B673-46D3-99B0-1B57F9776F41}.Debug|Any CPU.ActiveCfg = Debug|Any CPU
		{5589A2EA-B673-46D3-99B0-1B57F9776F41}.Debug|Any CPU.Build.0 = Debug|Any CPU
		{5589A2EA-B673-46D3-99B0-1B57F9776F41}.Release|Any CPU.ActiveCfg = Release|Any CPU
		{5589A2EA-B673-46D3-99B0-1B57F9776F41}.Release|Any CPU.Build.0 = Release|Any CPU
		{40BAB587-AE62-4BE6-AB30-6F129F038C15}.Debug|Any CPU.ActiveCfg = Debug|Any CPU
		{40BAB587-AE62-4BE6-AB30-6F129F038C15}.Debug|Any CPU.Build.0 = Debug|Any CPU
		{40BAB587-AE62-4BE6-AB30-6F129F038C15}.Release|Any CPU.ActiveCfg = Release|Any CPU
		{40BAB587-AE62-4BE6-AB30-6F129F038C15}.Release|Any CPU.Build.0 = Release|Any CPU
		{B1913FEB-FA5B-419F-A59D-48BD0DD3575D}.Debug|Any CPU.ActiveCfg = Debug|Any CPU
		{B1913FEB-FA5B-419F-A59D-48BD0DD3575D}.Debug|Any CPU.Build.0 = Debug|Any CPU
		{B1913FEB-FA5B-419F-A59D-48BD0DD3575D}.Release|Any CPU.ActiveCfg = Release|Any CPU
		{B1913FEB-FA5B-419F-A59D-48BD0DD3575D}.Release|Any CPU.Build.0 = Release|Any CPU
		{16BC539B-1CCF-41D7-B653-F0BE1E17A8E4}.Debug|Any CPU.ActiveCfg = Debug|Any CPU
		{16BC539B-1CCF-41D7-B653-F0BE1E17A8E4}.Debug|Any CPU.Build.0 = Debug|Any CPU
		{16BC539B-1CCF-41D7-B653-F0BE1E17A8E4}.Release|Any CPU.ActiveCfg = Release|Any CPU
		{16BC539B-1CCF-41D7-B653-F0BE1E17A8E4}.Release|Any CPU.Build.0 = Release|Any CPU
		{BD9E1246-9650-4BEA-9F75-2BE31D826E48}.Debug|Any CPU.ActiveCfg = Debug|Any CPU
		{BD9E1246-9650-4BEA-9F75-2BE31D826E48}.Debug|Any CPU.Build.0 = Debug|Any CPU
		{BD9E1246-9650-4BEA-9F75-2BE31D826E48}.Release|Any CPU.ActiveCfg = Release|Any CPU
		{BD9E1246-9650-4BEA-9F75-2BE31D826E48}.Release|Any CPU.Build.0 = Release|Any CPU
		{23F53096-014E-4316-9360-641C74D283B1}.Debug|Any CPU.ActiveCfg = Debug|Any CPU
		{23F53096-014E-4316-9360-641C74D283B1}.Debug|Any CPU.Build.0 = Debug|Any CPU
		{23F53096-014E-4316-9360-641C74D283B1}.Release|Any CPU.ActiveCfg = Release|Any CPU
		{23F53096-014E-4316-9360-641C74D283B1}.Release|Any CPU.Build.0 = Release|Any CPU
	EndGlobalSection
	GlobalSection(SolutionProperties) = preSolution
		HideSolutionNode = FALSE
	EndGlobalSection
	GlobalSection(ExtensibilityGlobals) = postSolution
		SolutionGuid = {EDBBD093-4FAE-4705-A4D2-9AC2991DD161}
	EndGlobalSection
EndGlobal
