
Microsoft Visual Studio Solution File, Format Version 12.00
# Visual Studio 15
VisualStudioVersion = 15.0.28307.1000
MinimumVisualStudioVersion = 10.0.40219.1
Project("{FAE04EC0-301F-11D3-BF4B-00C04F79EFBC}") = "01.ConvertMetersToKilometers", "01.ConvertMetersToKilometers\01.ConvertMetersToKilometers.csproj", "{693BBAD9-24F7-4806-9CCE-26E39CD3D761}"
EndProject
Project("{FAE04EC0-301F-11D3-BF4B-00C04F79EFBC}") = "02.PoundToDollars", "02.PoundToDollars\02.PoundToDollars.csproj", "{3A45BBEB-BD55-4A8E-8BEA-F8F31FED85FC}"
EndProject
Project("{FAE04EC0-301F-11D3-BF4B-00C04F79EFBC}") = "03.ExactSumOfRealNumbers", "03.ExactSumOfRealNumbers\03.ExactSumOfRealNumbers.csproj", "{8B96A39C-0B63-4498-8AFA-07936DB15AEF}"
EndProject
Project("{FAE04EC0-301F-11D3-BF4B-00C04F79EFBC}") = "04.CenturiesToMinutes", "04.CenturiesToMinutes\04.CenturiesToMinutes.csproj", "{F07B09A5-76A0-46B4-93AB-A00FF7B9C75B}"
EndProject
Project("{FAE04EC0-301F-11D3-BF4B-00C04F79EFBC}") = "05.SpecialNumbers", "05.SpecialNumbers\05.SpecialNumbers.csproj", "{A8F9D3C4-9A19-407F-AFC8-786639ECA074}"
EndProject
Project("{FAE04EC0-301F-11D3-BF4B-00C04F79EFBC}") = "06.ReversedChars", "06.ReversedChars\06.ReversedChars.csproj", "{D307C1FE-8626-4ECF-BCF5-592132DEFEA9}"
EndProject
Project("{FAE04EC0-301F-11D3-BF4B-00C04F79EFBC}") = "07.ConcatNames", "07.ConcatNames\07.ConcatNames.csproj", "{D55C9C05-A63C-4759-A7E2-F3FF0D652DCE}"
EndProject
Project("{FAE04EC0-301F-11D3-BF4B-00C04F79EFBC}") = "08.TownInfo", "08.TownInfo\08.TownInfo.csproj", "{9AE95CFA-AC3D-43A6-B945-DFADC74CDA20}"
EndProject
Project("{FAE04EC0-301F-11D3-BF4B-00C04F79EFBC}") = "09.CharsToString", "09.CharsToString\09.CharsToString.csproj", "{008214A6-7A5A-4461-AF16-06F69C86656B}"
EndProject
Project("{FAE04EC0-301F-11D3-BF4B-00C04F79EFBC}") = "10.LowerOrUpper", "10.LowerOrUpper\10.LowerOrUpper.csproj", "{E30933D0-3240-4ADB-8CFA-6C49E71BEA8D}"
EndProject
Project("{FAE04EC0-301F-11D3-BF4B-00C04F79EFBC}") = "11.RefactorVolumeOfPyromid", "11.RefactorVolumeOfPyromid\11.RefactorVolumeOfPyromid.csproj", "{B7B4371C-AB96-4A5A-8329-205247AC21BB}"
EndProject
Project("{FAE04EC0-301F-11D3-BF4B-00C04F79EFBC}") = "12.RefactorSpecialNumbers", "12.RefactorSpecialNumbers\12.RefactorSpecialNumbers.csproj", "{4565911D-F836-415F-BA03-F185309D1B96}"
EndProject
Global
	GlobalSection(SolutionConfigurationPlatforms) = preSolution
		Debug|Any CPU = Debug|Any CPU
		Release|Any CPU = Release|Any CPU
	EndGlobalSection
	GlobalSection(ProjectConfigurationPlatforms) = postSolution
		{693BBAD9-24F7-4806-9CCE-26E39CD3D761}.Debug|Any CPU.ActiveCfg = Debug|Any CPU
		{693BBAD9-24F7-4806-9CCE-26E39CD3D761}.Debug|Any CPU.Build.0 = Debug|Any CPU
		{693BBAD9-24F7-4806-9CCE-26E39CD3D761}.Release|Any CPU.ActiveCfg = Release|Any CPU
		{693BBAD9-24F7-4806-9CCE-26E39CD3D761}.Release|Any CPU.Build.0 = Release|Any CPU
		{3A45BBEB-BD55-4A8E-8BEA-F8F31FED85FC}.Debug|Any CPU.ActiveCfg = Debug|Any CPU
		{3A45BBEB-BD55-4A8E-8BEA-F8F31FED85FC}.Debug|Any CPU.Build.0 = Debug|Any CPU
		{3A45BBEB-BD55-4A8E-8BEA-F8F31FED85FC}.Release|Any CPU.ActiveCfg = Release|Any CPU
		{3A45BBEB-BD55-4A8E-8BEA-F8F31FED85FC}.Release|Any CPU.Build.0 = Release|Any CPU
		{8B96A39C-0B63-4498-8AFA-07936DB15AEF}.Debug|Any CPU.ActiveCfg = Debug|Any CPU
		{8B96A39C-0B63-4498-8AFA-07936DB15AEF}.Debug|Any CPU.Build.0 = Debug|Any CPU
		{8B96A39C-0B63-4498-8AFA-07936DB15AEF}.Release|Any CPU.ActiveCfg = Release|Any CPU
		{8B96A39C-0B63-4498-8AFA-07936DB15AEF}.Release|Any CPU.Build.0 = Release|Any CPU
		{F07B09A5-76A0-46B4-93AB-A00FF7B9C75B}.Debug|Any CPU.ActiveCfg = Debug|Any CPU
		{F07B09A5-76A0-46B4-93AB-A00FF7B9C75B}.Debug|Any CPU.Build.0 = Debug|Any CPU
		{F07B09A5-76A0-46B4-93AB-A00FF7B9C75B}.Release|Any CPU.ActiveCfg = Release|Any CPU
		{F07B09A5-76A0-46B4-93AB-A00FF7B9C75B}.Release|Any CPU.Build.0 = Release|Any CPU
		{A8F9D3C4-9A19-407F-AFC8-786639ECA074}.Debug|Any CPU.ActiveCfg = Debug|Any CPU
		{A8F9D3C4-9A19-407F-AFC8-786639ECA074}.Debug|Any CPU.Build.0 = Debug|Any CPU
		{A8F9D3C4-9A19-407F-AFC8-786639ECA074}.Release|Any CPU.ActiveCfg = Release|Any CPU
		{A8F9D3C4-9A19-407F-AFC8-786639ECA074}.Release|Any CPU.Build.0 = Release|Any CPU
		{D307C1FE-8626-4ECF-BCF5-592132DEFEA9}.Debug|Any CPU.ActiveCfg = Debug|Any CPU
		{D307C1FE-8626-4ECF-BCF5-592132DEFEA9}.Debug|Any CPU.Build.0 = Debug|Any CPU
		{D307C1FE-8626-4ECF-BCF5-592132DEFEA9}.Release|Any CPU.ActiveCfg = Release|Any CPU
		{D307C1FE-8626-4ECF-BCF5-592132DEFEA9}.Release|Any CPU.Build.0 = Release|Any CPU
		{D55C9C05-A63C-4759-A7E2-F3FF0D652DCE}.Debug|Any CPU.ActiveCfg = Debug|Any CPU
		{D55C9C05-A63C-4759-A7E2-F3FF0D652DCE}.Debug|Any CPU.Build.0 = Debug|Any CPU
		{D55C9C05-A63C-4759-A7E2-F3FF0D652DCE}.Release|Any CPU.ActiveCfg = Release|Any CPU
		{D55C9C05-A63C-4759-A7E2-F3FF0D652DCE}.Release|Any CPU.Build.0 = Release|Any CPU
		{9AE95CFA-AC3D-43A6-B945-DFADC74CDA20}.Debug|Any CPU.ActiveCfg = Debug|Any CPU
		{9AE95CFA-AC3D-43A6-B945-DFADC74CDA20}.Debug|Any CPU.Build.0 = Debug|Any CPU
		{9AE95CFA-AC3D-43A6-B945-DFADC74CDA20}.Release|Any CPU.ActiveCfg = Release|Any CPU
		{9AE95CFA-AC3D-43A6-B945-DFADC74CDA20}.Release|Any CPU.Build.0 = Release|Any CPU
		{008214A6-7A5A-4461-AF16-06F69C86656B}.Debug|Any CPU.ActiveCfg = Debug|Any CPU
		{008214A6-7A5A-4461-AF16-06F69C86656B}.Debug|Any CPU.Build.0 = Debug|Any CPU
		{008214A6-7A5A-4461-AF16-06F69C86656B}.Release|Any CPU.ActiveCfg = Release|Any CPU
		{008214A6-7A5A-4461-AF16-06F69C86656B}.Release|Any CPU.Build.0 = Release|Any CPU
		{E30933D0-3240-4ADB-8CFA-6C49E71BEA8D}.Debug|Any CPU.ActiveCfg = Debug|Any CPU
		{E30933D0-3240-4ADB-8CFA-6C49E71BEA8D}.Debug|Any CPU.Build.0 = Debug|Any CPU
		{E30933D0-3240-4ADB-8CFA-6C49E71BEA8D}.Release|Any CPU.ActiveCfg = Release|Any CPU
		{E30933D0-3240-4ADB-8CFA-6C49E71BEA8D}.Release|Any CPU.Build.0 = Release|Any CPU
		{B7B4371C-AB96-4A5A-8329-205247AC21BB}.Debug|Any CPU.ActiveCfg = Debug|Any CPU
		{B7B4371C-AB96-4A5A-8329-205247AC21BB}.Debug|Any CPU.Build.0 = Debug|Any CPU
		{B7B4371C-AB96-4A5A-8329-205247AC21BB}.Release|Any CPU.ActiveCfg = Release|Any CPU
		{B7B4371C-AB96-4A5A-8329-205247AC21BB}.Release|Any CPU.Build.0 = Release|Any CPU
		{4565911D-F836-415F-BA03-F185309D1B96}.Debug|Any CPU.ActiveCfg = Debug|Any CPU
		{4565911D-F836-415F-BA03-F185309D1B96}.Debug|Any CPU.Build.0 = Debug|Any CPU
		{4565911D-F836-415F-BA03-F185309D1B96}.Release|Any CPU.ActiveCfg = Release|Any CPU
		{4565911D-F836-415F-BA03-F185309D1B96}.Release|Any CPU.Build.0 = Release|Any CPU
	EndGlobalSection
	GlobalSection(SolutionProperties) = preSolution
		HideSolutionNode = FALSE
	EndGlobalSection
	GlobalSection(ExtensibilityGlobals) = postSolution
		SolutionGuid = {4401FE4D-53A8-46C9-A4B1-34E5B61BD2E7}
	EndGlobalSection
EndGlobal
