
Microsoft Visual Studio Solution File, Format Version 12.00
# Visual Studio Version 16
VisualStudioVersion = 16.0.30523.141
MinimumVisualStudioVersion = 10.0.40219.1
Project("{9A19103F-16F7-4668-BE54-9A1E7A4F7556}") = "01.Messaging", "01.Messaging\01.Messaging.csproj", "{94E5FB10-7D64-4D09-B9D1-12F0DA2DF267}"
EndProject
Project("{9A19103F-16F7-4668-BE54-9A1E7A4F7556}") = "02.CarRace", "02.CarRace\02.CarRace.csproj", "{C3C4904C-B086-4BD7-8BAB-693C359E4D51}"
EndProject
Project("{9A19103F-16F7-4668-BE54-9A1E7A4F7556}") = "03.TakeSkipRope", "03.TakeSkipRope\03.TakeSkipRope.csproj", "{9683C45E-9744-4932-AE1D-D508BB1591BB}"
EndProject
Project("{9A19103F-16F7-4668-BE54-9A1E7A4F7556}") = "04.MixedList", "04.MixedList\04.MixedList.csproj", "{773243F7-8A56-4732-97C4-CD12EB974066}"
EndProject
Project("{FAE04EC0-301F-11D3-BF4B-00C04F79EFBC}") = "05.DrumSet", "05.DrumSet\05.DrumSet.csproj", "{38AAA261-7398-4113-A09F-F6C2879823C4}"
EndProject
Global
	GlobalSection(SolutionConfigurationPlatforms) = preSolution
		Debug|Any CPU = Debug|Any CPU
		Release|Any CPU = Release|Any CPU
	EndGlobalSection
	GlobalSection(ProjectConfigurationPlatforms) = postSolution
		{94E5FB10-7D64-4D09-B9D1-12F0DA2DF267}.Debug|Any CPU.ActiveCfg = Debug|Any CPU
		{94E5FB10-7D64-4D09-B9D1-12F0DA2DF267}.Debug|Any CPU.Build.0 = Debug|Any CPU
		{94E5FB10-7D64-4D09-B9D1-12F0DA2DF267}.Release|Any CPU.ActiveCfg = Release|Any CPU
		{94E5FB10-7D64-4D09-B9D1-12F0DA2DF267}.Release|Any CPU.Build.0 = Release|Any CPU
		{C3C4904C-B086-4BD7-8BAB-693C359E4D51}.Debug|Any CPU.ActiveCfg = Debug|Any CPU
		{C3C4904C-B086-4BD7-8BAB-693C359E4D51}.Debug|Any CPU.Build.0 = Debug|Any CPU
		{C3C4904C-B086-4BD7-8BAB-693C359E4D51}.Release|Any CPU.ActiveCfg = Release|Any CPU
		{C3C4904C-B086-4BD7-8BAB-693C359E4D51}.Release|Any CPU.Build.0 = Release|Any CPU
		{9683C45E-9744-4932-AE1D-D508BB1591BB}.Debug|Any CPU.ActiveCfg = Debug|Any CPU
		{9683C45E-9744-4932-AE1D-D508BB1591BB}.Debug|Any CPU.Build.0 = Debug|Any CPU
		{9683C45E-9744-4932-AE1D-D508BB1591BB}.Release|Any CPU.ActiveCfg = Release|Any CPU
		{9683C45E-9744-4932-AE1D-D508BB1591BB}.Release|Any CPU.Build.0 = Release|Any CPU
		{773243F7-8A56-4732-97C4-CD12EB974066}.Debug|Any CPU.ActiveCfg = Debug|Any CPU
		{773243F7-8A56-4732-97C4-CD12EB974066}.Debug|Any CPU.Build.0 = Debug|Any CPU
		{773243F7-8A56-4732-97C4-CD12EB974066}.Release|Any CPU.ActiveCfg = Release|Any CPU
		{773243F7-8A56-4732-97C4-CD12EB974066}.Release|Any CPU.Build.0 = Release|Any CPU
		{38AAA261-7398-4113-A09F-F6C2879823C4}.Debug|Any CPU.ActiveCfg = Debug|Any CPU
		{38AAA261-7398-4113-A09F-F6C2879823C4}.Debug|Any CPU.Build.0 = Debug|Any CPU
		{38AAA261-7398-4113-A09F-F6C2879823C4}.Release|Any CPU.ActiveCfg = Release|Any CPU
		{38AAA261-7398-4113-A09F-F6C2879823C4}.Release|Any CPU.Build.0 = Release|Any CPU
	EndGlobalSection
	GlobalSection(SolutionProperties) = preSolution
		HideSolutionNode = FALSE
	EndGlobalSection
	GlobalSection(ExtensibilityGlobals) = postSolution
		SolutionGuid = {F7A52CEC-9282-488B-A924-E7CCC909FB12}
	EndGlobalSection
EndGlobal
