
Microsoft Visual Studio Solution File, Format Version 12.00
# Visual Studio Version 16
VisualStudioVersion = 16.0.30907.101
MinimumVisualStudioVersion = 10.0.40219.1
Project("{9A19103F-16F7-4668-BE54-9A1E7A4F7556}") = "02.BasicQueueOperations", "02.BasicQueueOperations\02.BasicQueueOperations.csproj", "{57186A1A-D3B0-45D9-899F-F7D82C4F101A}"
EndProject
Project("{9A19103F-16F7-4668-BE54-9A1E7A4F7556}") = "01.BasicStackOperations1", "01.BasicStackOperations1\01.BasicStackOperations1.csproj", "{46860364-6F5F-465A-ABC7-4BF38E8ABD7C}"
EndProject
Project("{9A19103F-16F7-4668-BE54-9A1E7A4F7556}") = "03.MaximumAndMinimumElements", "03.MaximumAndMinimumElements\03.MaximumAndMinimumElements.csproj", "{718509E6-BBAC-4200-B4D6-EF148E2F49F6}"
EndProject
Project("{9A19103F-16F7-4668-BE54-9A1E7A4F7556}") = "04.FastFood", "04.FastFood\04.FastFood.csproj", "{F5A76DBE-73DB-4B13-B231-44182870F6BE}"
EndProject
Project("{9A19103F-16F7-4668-BE54-9A1E7A4F7556}") = "05.FashionBoutique", "05.FashionBoutique\05.FashionBoutique.csproj", "{3C723B92-3E5F-476F-94D3-69C4D49ED274}"
EndProject
Project("{9A19103F-16F7-4668-BE54-9A1E7A4F7556}") = "06.SongsQueue", "06.SongsQueue\06.SongsQueue.csproj", "{75D59324-84BF-4CAB-9898-7509E4B47F36}"
EndProject
Project("{9A19103F-16F7-4668-BE54-9A1E7A4F7556}") = "07.TruckTour", "07.TruckTour\07.TruckTour.csproj", "{E9B977F6-2D8F-4EED-9AE3-195803D45062}"
EndProject
Project("{FAE04EC0-301F-11D3-BF4B-00C04F79EFBC}") = "08.BalancedParenthesis", "08.BalancedParenthesis\08.BalancedParenthesis.csproj", "{CA15683C-B004-4ABD-AC4B-D1E26194E756}"
EndProject
Project("{FAE04EC0-301F-11D3-BF4B-00C04F79EFBC}") = "09.SimpleTextEditor", "09.SimpleTextEditor\09.SimpleTextEditor.csproj", "{E8251532-3B56-4D09-867D-917C4512E758}"
EndProject
Project("{FAE04EC0-301F-11D3-BF4B-00C04F79EFBC}") = "01.01ReverseNumbers", "01.01ReverseNumbers\01.01ReverseNumbers.csproj", "{CE7646FA-9220-42F7-B2BF-5EAFA6DEDBB9}"
EndProject
Project("{FAE04EC0-301F-11D3-BF4B-00C04F79EFBC}") = "05.CalculateSequenceWithQueue", "05.CalculateSequenceWithQueue\05.CalculateSequenceWithQueue.csproj", "{079BF3DF-4CAB-40C6-8AC0-7F40668C23EB}"
EndProject
Project("{FAE04EC0-301F-11D3-BF4B-00C04F79EFBC}") = "08.RecursiveFibonacci", "08.RecursiveFibonacci\08.RecursiveFibonacci.csproj", "{CA066130-EEAF-4D7F-A27B-D78C81DA0A3A}"
EndProject
Project("{FAE04EC0-301F-11D3-BF4B-00C04F79EFBC}") = "08.StackFibonacci", "08.StackFibonacci\08.StackFibonacci.csproj", "{2392E73C-9161-4053-B17F-DE8985560466}"
EndProject
Project("{FAE04EC0-301F-11D3-BF4B-00C04F79EFBC}") = "11.PoisonousPlants", "11.PoisonousPlants\11.PoisonousPlants.csproj", "{9AC7DE68-B21E-41C5-A3E5-FE0463D1F408}"
EndProject
Project("{FAE04EC0-301F-11D3-BF4B-00C04F79EFBC}") = "10.Crossroads", "10.Crossroads\10.Crossroads.csproj", "{F1503471-371D-4067-810F-B793E497E0C2}"
EndProject
Project("{FAE04EC0-301F-11D3-BF4B-00C04F79EFBC}") = "11.KeyRevolver", "11.KeyRevolver\11.KeyRevolver.csproj", "{7E34787F-0D17-46A5-AA03-876A863D595B}"
EndProject
Project("{FAE04EC0-301F-11D3-BF4B-00C04F79EFBC}") = "12.CupsAndBottles", "12.CupsAndBottles\12.CupsAndBottles.csproj", "{3AB0B5F9-5E7B-4610-8A2D-1C913024107F}"
EndProject
Global
	GlobalSection(SolutionConfigurationPlatforms) = preSolution
		Debug|Any CPU = Debug|Any CPU
		Release|Any CPU = Release|Any CPU
	EndGlobalSection
	GlobalSection(ProjectConfigurationPlatforms) = postSolution
		{57186A1A-D3B0-45D9-899F-F7D82C4F101A}.Debug|Any CPU.ActiveCfg = Debug|Any CPU
		{57186A1A-D3B0-45D9-899F-F7D82C4F101A}.Debug|Any CPU.Build.0 = Debug|Any CPU
		{57186A1A-D3B0-45D9-899F-F7D82C4F101A}.Release|Any CPU.ActiveCfg = Release|Any CPU
		{57186A1A-D3B0-45D9-899F-F7D82C4F101A}.Release|Any CPU.Build.0 = Release|Any CPU
		{46860364-6F5F-465A-ABC7-4BF38E8ABD7C}.Debug|Any CPU.ActiveCfg = Debug|Any CPU
		{46860364-6F5F-465A-ABC7-4BF38E8ABD7C}.Debug|Any CPU.Build.0 = Debug|Any CPU
		{46860364-6F5F-465A-ABC7-4BF38E8ABD7C}.Release|Any CPU.ActiveCfg = Release|Any CPU
		{46860364-6F5F-465A-ABC7-4BF38E8ABD7C}.Release|Any CPU.Build.0 = Release|Any CPU
		{718509E6-BBAC-4200-B4D6-EF148E2F49F6}.Debug|Any CPU.ActiveCfg = Debug|Any CPU
		{718509E6-BBAC-4200-B4D6-EF148E2F49F6}.Debug|Any CPU.Build.0 = Debug|Any CPU
		{718509E6-BBAC-4200-B4D6-EF148E2F49F6}.Release|Any CPU.ActiveCfg = Release|Any CPU
		{718509E6-BBAC-4200-B4D6-EF148E2F49F6}.Release|Any CPU.Build.0 = Release|Any CPU
		{F5A76DBE-73DB-4B13-B231-44182870F6BE}.Debug|Any CPU.ActiveCfg = Debug|Any CPU
		{F5A76DBE-73DB-4B13-B231-44182870F6BE}.Debug|Any CPU.Build.0 = Debug|Any CPU
		{F5A76DBE-73DB-4B13-B231-44182870F6BE}.Release|Any CPU.ActiveCfg = Release|Any CPU
		{F5A76DBE-73DB-4B13-B231-44182870F6BE}.Release|Any CPU.Build.0 = Release|Any CPU
		{3C723B92-3E5F-476F-94D3-69C4D49ED274}.Debug|Any CPU.ActiveCfg = Debug|Any CPU
		{3C723B92-3E5F-476F-94D3-69C4D49ED274}.Debug|Any CPU.Build.0 = Debug|Any CPU
		{3C723B92-3E5F-476F-94D3-69C4D49ED274}.Release|Any CPU.ActiveCfg = Release|Any CPU
		{3C723B92-3E5F-476F-94D3-69C4D49ED274}.Release|Any CPU.Build.0 = Release|Any CPU
		{75D59324-84BF-4CAB-9898-7509E4B47F36}.Debug|Any CPU.ActiveCfg = Debug|Any CPU
		{75D59324-84BF-4CAB-9898-7509E4B47F36}.Debug|Any CPU.Build.0 = Debug|Any CPU
		{75D59324-84BF-4CAB-9898-7509E4B47F36}.Release|Any CPU.ActiveCfg = Release|Any CPU
		{75D59324-84BF-4CAB-9898-7509E4B47F36}.Release|Any CPU.Build.0 = Release|Any CPU
		{E9B977F6-2D8F-4EED-9AE3-195803D45062}.Debug|Any CPU.ActiveCfg = Debug|Any CPU
		{E9B977F6-2D8F-4EED-9AE3-195803D45062}.Debug|Any CPU.Build.0 = Debug|Any CPU
		{E9B977F6-2D8F-4EED-9AE3-195803D45062}.Release|Any CPU.ActiveCfg = Release|Any CPU
		{E9B977F6-2D8F-4EED-9AE3-195803D45062}.Release|Any CPU.Build.0 = Release|Any CPU
		{CA15683C-B004-4ABD-AC4B-D1E26194E756}.Debug|Any CPU.ActiveCfg = Debug|Any CPU
		{CA15683C-B004-4ABD-AC4B-D1E26194E756}.Debug|Any CPU.Build.0 = Debug|Any CPU
		{CA15683C-B004-4ABD-AC4B-D1E26194E756}.Release|Any CPU.ActiveCfg = Release|Any CPU
		{CA15683C-B004-4ABD-AC4B-D1E26194E756}.Release|Any CPU.Build.0 = Release|Any CPU
		{E8251532-3B56-4D09-867D-917C4512E758}.Debug|Any CPU.ActiveCfg = Debug|Any CPU
		{E8251532-3B56-4D09-867D-917C4512E758}.Debug|Any CPU.Build.0 = Debug|Any CPU
		{E8251532-3B56-4D09-867D-917C4512E758}.Release|Any CPU.ActiveCfg = Release|Any CPU
		{E8251532-3B56-4D09-867D-917C4512E758}.Release|Any CPU.Build.0 = Release|Any CPU
		{CE7646FA-9220-42F7-B2BF-5EAFA6DEDBB9}.Debug|Any CPU.ActiveCfg = Debug|Any CPU
		{CE7646FA-9220-42F7-B2BF-5EAFA6DEDBB9}.Debug|Any CPU.Build.0 = Debug|Any CPU
		{CE7646FA-9220-42F7-B2BF-5EAFA6DEDBB9}.Release|Any CPU.ActiveCfg = Release|Any CPU
		{CE7646FA-9220-42F7-B2BF-5EAFA6DEDBB9}.Release|Any CPU.Build.0 = Release|Any CPU
		{079BF3DF-4CAB-40C6-8AC0-7F40668C23EB}.Debug|Any CPU.ActiveCfg = Debug|Any CPU
		{079BF3DF-4CAB-40C6-8AC0-7F40668C23EB}.Debug|Any CPU.Build.0 = Debug|Any CPU
		{079BF3DF-4CAB-40C6-8AC0-7F40668C23EB}.Release|Any CPU.ActiveCfg = Release|Any CPU
		{079BF3DF-4CAB-40C6-8AC0-7F40668C23EB}.Release|Any CPU.Build.0 = Release|Any CPU
		{CA066130-EEAF-4D7F-A27B-D78C81DA0A3A}.Debug|Any CPU.ActiveCfg = Debug|Any CPU
		{CA066130-EEAF-4D7F-A27B-D78C81DA0A3A}.Debug|Any CPU.Build.0 = Debug|Any CPU
		{CA066130-EEAF-4D7F-A27B-D78C81DA0A3A}.Release|Any CPU.ActiveCfg = Release|Any CPU
		{CA066130-EEAF-4D7F-A27B-D78C81DA0A3A}.Release|Any CPU.Build.0 = Release|Any CPU
		{2392E73C-9161-4053-B17F-DE8985560466}.Debug|Any CPU.ActiveCfg = Debug|Any CPU
		{2392E73C-9161-4053-B17F-DE8985560466}.Debug|Any CPU.Build.0 = Debug|Any CPU
		{2392E73C-9161-4053-B17F-DE8985560466}.Release|Any CPU.ActiveCfg = Release|Any CPU
		{2392E73C-9161-4053-B17F-DE8985560466}.Release|Any CPU.Build.0 = Release|Any CPU
		{9AC7DE68-B21E-41C5-A3E5-FE0463D1F408}.Debug|Any CPU.ActiveCfg = Debug|Any CPU
		{9AC7DE68-B21E-41C5-A3E5-FE0463D1F408}.Debug|Any CPU.Build.0 = Debug|Any CPU
		{9AC7DE68-B21E-41C5-A3E5-FE0463D1F408}.Release|Any CPU.ActiveCfg = Release|Any CPU
		{9AC7DE68-B21E-41C5-A3E5-FE0463D1F408}.Release|Any CPU.Build.0 = Release|Any CPU
		{F1503471-371D-4067-810F-B793E497E0C2}.Debug|Any CPU.ActiveCfg = Debug|Any CPU
		{F1503471-371D-4067-810F-B793E497E0C2}.Debug|Any CPU.Build.0 = Debug|Any CPU
		{F1503471-371D-4067-810F-B793E497E0C2}.Release|Any CPU.ActiveCfg = Release|Any CPU
		{F1503471-371D-4067-810F-B793E497E0C2}.Release|Any CPU.Build.0 = Release|Any CPU
		{7E34787F-0D17-46A5-AA03-876A863D595B}.Debug|Any CPU.ActiveCfg = Debug|Any CPU
		{7E34787F-0D17-46A5-AA03-876A863D595B}.Debug|Any CPU.Build.0 = Debug|Any CPU
		{7E34787F-0D17-46A5-AA03-876A863D595B}.Release|Any CPU.ActiveCfg = Release|Any CPU
		{7E34787F-0D17-46A5-AA03-876A863D595B}.Release|Any CPU.Build.0 = Release|Any CPU
		{3AB0B5F9-5E7B-4610-8A2D-1C913024107F}.Debug|Any CPU.ActiveCfg = Debug|Any CPU
		{3AB0B5F9-5E7B-4610-8A2D-1C913024107F}.Debug|Any CPU.Build.0 = Debug|Any CPU
		{3AB0B5F9-5E7B-4610-8A2D-1C913024107F}.Release|Any CPU.ActiveCfg = Release|Any CPU
		{3AB0B5F9-5E7B-4610-8A2D-1C913024107F}.Release|Any CPU.Build.0 = Release|Any CPU
	EndGlobalSection
	GlobalSection(SolutionProperties) = preSolution
		HideSolutionNode = FALSE
	EndGlobalSection
	GlobalSection(ExtensibilityGlobals) = postSolution
		SolutionGuid = {39CBFAA2-416D-4669-83A8-4A1CBAD14B4C}
	EndGlobalSection
EndGlobal
