
Microsoft Visual Studio Solution File, Format Version 12.00
# Visual Studio Version 16
VisualStudioVersion = 16.0.30804.86
MinimumVisualStudioVersion = 10.0.40219.1
Project("{9A19103F-16F7-4668-BE54-9A1E7A4F7556}") = "01.ActivationKeys", "01.ActivationKeys\01.ActivationKeys.csproj", "{7588D97F-C7E2-441C-A7FC-5205F81DDE6B}"
EndProject
Project("{9A19103F-16F7-4668-BE54-9A1E7A4F7556}") = "02.EmojiDetector", "02.EmojiDetector\02.EmojiDetector.csproj", "{C0FA3817-1984-4574-A1B2-6A39F7548C94}"
EndProject
Project("{FAE04EC0-301F-11D3-BF4B-00C04F79EFBC}") = "03.Pirates", "03.Pirates\03.Pirates.csproj", "{27A079B5-D4C1-446B-B3F5-1B5A3AAB9735}"
EndProject
Global
	GlobalSection(SolutionConfigurationPlatforms) = preSolution
		Debug|Any CPU = Debug|Any CPU
		Release|Any CPU = Release|Any CPU
	EndGlobalSection
	GlobalSection(ProjectConfigurationPlatforms) = postSolution
		{7588D97F-C7E2-441C-A7FC-5205F81DDE6B}.Debug|Any CPU.ActiveCfg = Debug|Any CPU
		{7588D97F-C7E2-441C-A7FC-5205F81DDE6B}.Debug|Any CPU.Build.0 = Debug|Any CPU
		{7588D97F-C7E2-441C-A7FC-5205F81DDE6B}.Release|Any CPU.ActiveCfg = Release|Any CPU
		{7588D97F-C7E2-441C-A7FC-5205F81DDE6B}.Release|Any CPU.Build.0 = Release|Any CPU
		{C0FA3817-1984-4574-A1B2-6A39F7548C94}.Debug|Any CPU.ActiveCfg = Debug|Any CPU
		{C0FA3817-1984-4574-A1B2-6A39F7548C94}.Debug|Any CPU.Build.0 = Debug|Any CPU
		{C0FA3817-1984-4574-A1B2-6A39F7548C94}.Release|Any CPU.ActiveCfg = Release|Any CPU
		{C0FA3817-1984-4574-A1B2-6A39F7548C94}.Release|Any CPU.Build.0 = Release|Any CPU
		{27A079B5-D4C1-446B-B3F5-1B5A3AAB9735}.Debug|Any CPU.ActiveCfg = Debug|Any CPU
		{27A079B5-D4C1-446B-B3F5-1B5A3AAB9735}.Debug|Any CPU.Build.0 = Debug|Any CPU
		{27A079B5-D4C1-446B-B3F5-1B5A3AAB9735}.Release|Any CPU.ActiveCfg = Release|Any CPU
		{27A079B5-D4C1-446B-B3F5-1B5A3AAB9735}.Release|Any CPU.Build.0 = Release|Any CPU
	EndGlobalSection
	GlobalSection(SolutionProperties) = preSolution
		HideSolutionNode = FALSE
	EndGlobalSection
	GlobalSection(ExtensibilityGlobals) = postSolution
		SolutionGuid = {4B78CB90-7EA4-4A67-B4B1-5E1AB616A4F6}
	EndGlobalSection
EndGlobal
