
Microsoft Visual Studio Solution File, Format Version 12.00
# Visual Studio Version 17
VisualStudioVersion = 17.4.33205.214
MinimumVisualStudioVersion = 10.0.40219.1
Project("{FAE04EC0-301F-11D3-BF4B-00C04F79EFBC}") = "01.CompositePattern", "01.FacadePattern\01.CompositePattern.csproj", "{F272F1DA-020F-4F8E-95EE-6C9980180F68}"
EndProject
Project("{FAE04EC0-301F-11D3-BF4B-00C04F79EFBC}") = "02.DecoratorPattern", "02.FlyweightPattern\02.DecoratorPattern.csproj", "{C4C6C38F-D2C5-4D02-9E96-83F1ABC83D10}"
EndProject
Global
	GlobalSection(SolutionConfigurationPlatforms) = preSolution
		Debug|Any CPU = Debug|Any CPU
		Release|Any CPU = Release|Any CPU
	EndGlobalSection
	GlobalSection(ProjectConfigurationPlatforms) = postSolution
		{F272F1DA-020F-4F8E-95EE-6C9980180F68}.Debug|Any CPU.ActiveCfg = Debug|Any CPU
		{F272F1DA-020F-4F8E-95EE-6C9980180F68}.Debug|Any CPU.Build.0 = Debug|Any CPU
		{F272F1DA-020F-4F8E-95EE-6C9980180F68}.Release|Any CPU.ActiveCfg = Release|Any CPU
		{F272F1DA-020F-4F8E-95EE-6C9980180F68}.Release|Any CPU.Build.0 = Release|Any CPU
		{C4C6C38F-D2C5-4D02-9E96-83F1ABC83D10}.Debug|Any CPU.ActiveCfg = Debug|Any CPU
		{C4C6C38F-D2C5-4D02-9E96-83F1ABC83D10}.Debug|Any CPU.Build.0 = Debug|Any CPU
		{C4C6C38F-D2C5-4D02-9E96-83F1ABC83D10}.Release|Any CPU.ActiveCfg = Release|Any CPU
		{C4C6C38F-D2C5-4D02-9E96-83F1ABC83D10}.Release|Any CPU.Build.0 = Release|Any CPU
	EndGlobalSection
	GlobalSection(SolutionProperties) = preSolution
		HideSolutionNode = FALSE
	EndGlobalSection
	GlobalSection(ExtensibilityGlobals) = postSolution
		SolutionGuid = {916184C1-D81C-438F-AE15-5368E658E1A0}
	EndGlobalSection
EndGlobal
