
Microsoft Visual Studio Solution File, Format Version 12.00
# Visual Studio Version 16
VisualStudioVersion = 16.0.31105.61
MinimumVisualStudioVersion = 10.0.40219.1
Project("{9A19103F-16F7-4668-BE54-9A1E7A4F7556}") = "01.OddLines", "01.OddLines\01.OddLines.csproj", "{0F425710-7D8A-47CD-93E7-1E56A64E8990}"
EndProject
Project("{9A19103F-16F7-4668-BE54-9A1E7A4F7556}") = "02.LineNumber", "02.LineNumber\02.LineNumber.csproj", "{410BFB8A-6B3D-4717-AFB0-3602997B3464}"
EndProject
Project("{9A19103F-16F7-4668-BE54-9A1E7A4F7556}") = "03.WordCount", "03.WordCount\03.WordCount.csproj", "{EE036DBF-6235-4E72-923D-0C02938AA063}"
EndProject
Project("{FAE04EC0-301F-11D3-BF4B-00C04F79EFBC}") = "04.MergeFiles", "04.MergeFiles\04.MergeFiles.csproj", "{CECBD1A0-1DD3-44DE-8F4A-44AEEB6D057F}"
EndProject
Global
	GlobalSection(SolutionConfigurationPlatforms) = preSolution
		Debug|Any CPU = Debug|Any CPU
		Release|Any CPU = Release|Any CPU
	EndGlobalSection
	GlobalSection(ProjectConfigurationPlatforms) = postSolution
		{0F425710-7D8A-47CD-93E7-1E56A64E8990}.Debug|Any CPU.ActiveCfg = Debug|Any CPU
		{0F425710-7D8A-47CD-93E7-1E56A64E8990}.Debug|Any CPU.Build.0 = Debug|Any CPU
		{0F425710-7D8A-47CD-93E7-1E56A64E8990}.Release|Any CPU.ActiveCfg = Release|Any CPU
		{0F425710-7D8A-47CD-93E7-1E56A64E8990}.Release|Any CPU.Build.0 = Release|Any CPU
		{410BFB8A-6B3D-4717-AFB0-3602997B3464}.Debug|Any CPU.ActiveCfg = Debug|Any CPU
		{410BFB8A-6B3D-4717-AFB0-3602997B3464}.Debug|Any CPU.Build.0 = Debug|Any CPU
		{410BFB8A-6B3D-4717-AFB0-3602997B3464}.Release|Any CPU.ActiveCfg = Release|Any CPU
		{410BFB8A-6B3D-4717-AFB0-3602997B3464}.Release|Any CPU.Build.0 = Release|Any CPU
		{EE036DBF-6235-4E72-923D-0C02938AA063}.Debug|Any CPU.ActiveCfg = Debug|Any CPU
		{EE036DBF-6235-4E72-923D-0C02938AA063}.Debug|Any CPU.Build.0 = Debug|Any CPU
		{EE036DBF-6235-4E72-923D-0C02938AA063}.Release|Any CPU.ActiveCfg = Release|Any CPU
		{EE036DBF-6235-4E72-923D-0C02938AA063}.Release|Any CPU.Build.0 = Release|Any CPU
		{CECBD1A0-1DD3-44DE-8F4A-44AEEB6D057F}.Debug|Any CPU.ActiveCfg = Debug|Any CPU
		{CECBD1A0-1DD3-44DE-8F4A-44AEEB6D057F}.Debug|Any CPU.Build.0 = Debug|Any CPU
		{CECBD1A0-1DD3-44DE-8F4A-44AEEB6D057F}.Release|Any CPU.ActiveCfg = Release|Any CPU
		{CECBD1A0-1DD3-44DE-8F4A-44AEEB6D057F}.Release|Any CPU.Build.0 = Release|Any CPU
	EndGlobalSection
	GlobalSection(SolutionProperties) = preSolution
		HideSolutionNode = FALSE
	EndGlobalSection
	GlobalSection(ExtensibilityGlobals) = postSolution
		SolutionGuid = {027E2805-E143-491B-8288-10509AD1848A}
	EndGlobalSection
EndGlobal
