
Microsoft Visual Studio Solution File, Format Version 12.00
# Visual Studio Version 16
VisualStudioVersion = 16.0.31105.61
MinimumVisualStudioVersion = 10.0.40219.1
Project("{9A19103F-16F7-4668-BE54-9A1E7A4F7556}") = "01.FoodFinder", "01.FoodFinder\01.FoodFinder.csproj", "{9858586A-294F-4D97-A04F-652C941FE097}"
EndProject
Project("{9A19103F-16F7-4668-BE54-9A1E7A4F7556}") = "02.PawnWars", "02.PawnWars\02.PawnWars.csproj", "{83FBEBA1-5F1E-44AB-A34D-3F2EAA23CD12}"
EndProject
Project("{FAE04EC0-301F-11D3-BF4B-00C04F79EFBC}") = "03.StockMarketSkeleton", "03.StockMarketSkeleton\03.StockMarketSkeleton.csproj", "{0F9F497D-B486-4996-8E88-BB62F96A35B5}"
EndProject
Global
	GlobalSection(SolutionConfigurationPlatforms) = preSolution
		Debug|Any CPU = Debug|Any CPU
		Release|Any CPU = Release|Any CPU
	EndGlobalSection
	GlobalSection(ProjectConfigurationPlatforms) = postSolution
		{9858586A-294F-4D97-A04F-652C941FE097}.Debug|Any CPU.ActiveCfg = Debug|Any CPU
		{9858586A-294F-4D97-A04F-652C941FE097}.Debug|Any CPU.Build.0 = Debug|Any CPU
		{9858586A-294F-4D97-A04F-652C941FE097}.Release|Any CPU.ActiveCfg = Release|Any CPU
		{9858586A-294F-4D97-A04F-652C941FE097}.Release|Any CPU.Build.0 = Release|Any CPU
		{83FBEBA1-5F1E-44AB-A34D-3F2EAA23CD12}.Debug|Any CPU.ActiveCfg = Debug|Any CPU
		{83FBEBA1-5F1E-44AB-A34D-3F2EAA23CD12}.Debug|Any CPU.Build.0 = Debug|Any CPU
		{83FBEBA1-5F1E-44AB-A34D-3F2EAA23CD12}.Release|Any CPU.ActiveCfg = Release|Any CPU
		{83FBEBA1-5F1E-44AB-A34D-3F2EAA23CD12}.Release|Any CPU.Build.0 = Release|Any CPU
		{0F9F497D-B486-4996-8E88-BB62F96A35B5}.Debug|Any CPU.ActiveCfg = Debug|Any CPU
		{0F9F497D-B486-4996-8E88-BB62F96A35B5}.Debug|Any CPU.Build.0 = Debug|Any CPU
		{0F9F497D-B486-4996-8E88-BB62F96A35B5}.Release|Any CPU.ActiveCfg = Release|Any CPU
		{0F9F497D-B486-4996-8E88-BB62F96A35B5}.Release|Any CPU.Build.0 = Release|Any CPU
	EndGlobalSection
	GlobalSection(SolutionProperties) = preSolution
		HideSolutionNode = FALSE
	EndGlobalSection
	GlobalSection(ExtensibilityGlobals) = postSolution
		SolutionGuid = {866C16EE-8F50-417E-B38E-F3B47A41D55E}
	EndGlobalSection
EndGlobal
